// !$*UTF8*$!
{
	archiveVersion = 1;
	classes = {
	};
	objectVersion = 77;
	objects = {

/* Begin PBXBuildFile section */
		010500F469D58D04C2D6DB23 /* String+NonEmptyTrimmed.swift in Sources */ = {isa = PBXBuildFile; fileRef = 22422402EB06630F25C7AF90 /* String+NonEmptyTrimmed.swift */; };
		02541F73734BAE5A2928D8F5 /* ProgressModels.swift in Sources */ = {isa = PBXBuildFile; fileRef = D0FDD673FDE8983E2E6FE465 /* ProgressModels.swift */; };
		033CD4D7B804459A83422990 /* PlanCardView.swift in Sources */ = {isa = PBXBuildFile; fileRef = 47306DE023966E23A9B6289A /* PlanCardView.swift */; };
		052BA34F1420A117C5E4350E /* CatalogSeed.swift in Sources */ = {isa = PBXBuildFile; fileRef = 9559BC3C08A08FF40CC53612 /* CatalogSeed.swift */; };
		0600A0AB128622517154F18E /* WorkoutStoreTests+Plans.swift in Sources */ = {isa = PBXBuildFile; fileRef = C12FC19FDCC2D9065F7B67C6 /* WorkoutStoreTests+Plans.swift */; };
		06BB2BDEE78F9A9B6B3B0FB1 /* TodayResumeCardView.swift in Sources */ = {isa = PBXBuildFile; fileRef = AE0F343F930E993FACF6AC2F /* TodayResumeCardView.swift */; };
		0EA4006E6B132B866E232271 /* AppChromeComponents.swift in Sources */ = {isa = PBXBuildFile; fileRef = 529545F8415525BCAA1BA69A /* AppChromeComponents.swift */; };
		0EEB92B4A03BBB7D041ED21A /* RestTimerLiveActivityManager.swift in Sources */ = {isa = PBXBuildFile; fileRef = 4B71A65CCEC38D0EA65A693B /* RestTimerLiveActivityManager.swift */; };
		71A82B93C4D55E6F708192A1 /* AgentSessionDebugLog.swift in Sources */ = {isa = PBXBuildFile; fileRef = 71A82B93C4D55E6F708192A0 /* AgentSessionDebugLog.swift */; };
		71A82B93C4D55E6F708192A2 /* AgentSessionDebugLog.swift in Sources */ = {isa = PBXBuildFile; fileRef = 71A82B93C4D55E6F708192A0 /* AgentSessionDebugLog.swift */; };
		1273B0A5144A366C58AB2964 /* WorkoutStoreTests+Analytics.swift in Sources */ = {isa = PBXBuildFile; fileRef = A04D5F7786D4CF5FECD899AA /* WorkoutStoreTests+Analytics.swift */; };
		13F43772D61C439794F27472 /* AnalyticsRepository.swift in Sources */ = {isa = PBXBuildFile; fileRef = F438895A33123202B2F4A0F2 /* AnalyticsRepository.swift */; };
		151E142B9E4D45D37013658F /* TemplateEditorScheduleSectionView.swift in Sources */ = {isa = PBXBuildFile; fileRef = 035CE58F88A535907B9B82C2 /* TemplateEditorScheduleSectionView.swift */; };
		164093495161E97FE72FF940 /* SessionRepository.swift in Sources */ = {isa = PBXBuildFile; fileRef = CE205A9DD09C189FEE710D8D /* SessionRepository.swift */; };
		1BE15FFE1025A31AA900530F /* Assets.xcassets in Resources */ = {isa = PBXBuildFile; fileRef = DA683848A95C854270BE8300 /* Assets.xcassets */; };
		1F8A9C0D2E3B4A5C6D7E8F90 /* PresetPrograms.json in Resources */ = {isa = PBXBuildFile; fileRef = 1F8A9C0D2E3B4A5C6D7E8F91 /* PresetPrograms.json */; };
		2080B83B2568AB42FAC55FED /* TemplateDraftExerciseEditorView.swift in Sources */ = {isa = PBXBuildFile; fileRef = 4E88ABCF2CA54295E03485CD /* TemplateDraftExerciseEditorView.swift */; };
		2717981338773415B35A7667 /* ExercisePickerSheet.swift in Sources */ = {isa = PBXBuildFile; fileRef = 8EB99DF94CF53C9764164CA5 /* ExercisePickerSheet.swift */; };
		2B433F0FA045FD0C2BE06A54 /* SessionSummaryViews.swift in Sources */ = {isa = PBXBuildFile; fileRef = B0FD5BFD855ECADBEA29FC62 /* SessionSummaryViews.swift */; };
		2ED4478AFB79F087B82FA36B /* SessionStartSupport.swift in Sources */ = {isa = PBXBuildFile; fileRef = A98E20B6ABA6793504EF2AE8 /* SessionStartSupport.swift */; };
		301AB7F6E1E0A1D47B810E2D /* WorkoutDefaults.swift in Sources */ = {isa = PBXBuildFile; fileRef = 67A98A641E20F4D61C3835DD /* WorkoutDefaults.swift */; };
		30E7100ABA3CBE52E878DEDE /* WeightLogicTests.swift in Sources */ = {isa = PBXBuildFile; fileRef = 3FE38E02182360CF96242C4C /* WeightLogicTests.swift */; };
		31AD611C1F7B65DECD117B08 /* AppTheme.swift in Sources */ = {isa = PBXBuildFile; fileRef = 14B34E88010C2C42BD6007CA /* AppTheme.swift */; };
		33E53EECCDE10B41BF13B9F5 /* TodayRecentRecordsSectionView.swift in Sources */ = {isa = PBXBuildFile; fileRef = 9345111EB872990345F84B6F /* TodayRecentRecordsSectionView.swift */; };
		35523A8A5CB27AB79721D901 /* NumericInputField.swift in Sources */ = {isa = PBXBuildFile; fileRef = 69558F6536C2F7246FF24D4C /* NumericInputField.swift */; };
		36EB126A428E146E604ECF9D /* BenchmarkHarness.swift in Sources */ = {isa = PBXBuildFile; fileRef = D4A4A066D5510BA622E8FC1F /* BenchmarkHarness.swift */; };
		3A7BD9578552E124920A0683 /* SessionExerciseCardView.swift in Sources */ = {isa = PBXBuildFile; fileRef = FE69DCFE1275005B9B36F270 /* SessionExerciseCardView.swift */; };
		41E49CB4326B20AB53E5F610 /* SessionSetRowView.swift in Sources */ = {isa = PBXBuildFile; fileRef = 457CE5C0B9F5F4621DA2CA4E /* SessionSetRowView.swift */; };
		6C7D8E9FA1B2C3D4E5F6070B /* SessionSetNoteDisplay.swift in Sources */ = {isa = PBXBuildFile; fileRef = 6C7D8E9FA1B2C3D4E5F6070A /* SessionSetNoteDisplay.swift */; };
		49D54DCFA492441675AD8E0A /* OnboardingView.swift in Sources */ = {isa = PBXBuildFile; fileRef = 2C82B255B050970A5F54F381 /* OnboardingView.swift */; };
		4B407D1E87FDE516B32B51F6 /* BenchmarkFixtures.swift in Sources */ = {isa = PBXBuildFile; fileRef = 79F4B6C8286C48332B92FE9B /* BenchmarkFixtures.swift */; };
		4BD85EE74FF16E7C39E0176D /* PresetPackBuilder.swift in Sources */ = {isa = PBXBuildFile; fileRef = 4DADCE1E6BEE5221EE1C9C78 /* PresetPackBuilder.swift */; };
		4CAA40F74A67F20665C4B088 /* ActiveSessionView.swift in Sources */ = {isa = PBXBuildFile; fileRef = C87181B3A04494C45C051A16 /* ActiveSessionView.swift */; };
		4EA81F1B1810DBA56D82E49A /* WorkoutTrackerWidgets.appex in Embed Foundation Extensions */ = {isa = PBXBuildFile; fileRef = 6743DA6A4FC1393EE4461ABE /* WorkoutTrackerWidgets.appex */; settings = {ATTRIBUTES = (RemoveHeadersOnCopy, ); }; };
		512AC9BB6235B75F0A287412 /* ActiveSessionContentView.swift in Sources */ = {isa = PBXBuildFile; fileRef = 620348E2386C747CA921ABD7 /* ActiveSessionContentView.swift */; };
		516FE3B80694FD0F7CB920FD /* PersistenceBenchmarks.swift in Sources */ = {isa = PBXBuildFile; fileRef = D2882EBF0F0C874D7A4FC081 /* PersistenceBenchmarks.swift */; };
		550B0655619EF583A271AC2B /* ProgressStore.swift in Sources */ = {isa = PBXBuildFile; fileRef = 425D75CAF17444F918076FC9 /* ProgressStore.swift */; };
		564885E1649D8CD0D3560804 /* PresetPack.swift in Sources */ = {isa = PBXBuildFile; fileRef = 75D361851536F1B9E2530F73 /* PresetPack.swift */; };
		59289E29F9B8154DF5A465B9 /* AppPlanCoordinator.swift in Sources */ = {isa = PBXBuildFile; fileRef = 0D708A781174BE4E832D188E /* AppPlanCoordinator.swift */; };
		5D4844E2EE269EF5F1B7CC6A /* WorkoutRestLiveActivityAttributes.swift in Sources */ = {isa = PBXBuildFile; fileRef = 9112C55EE4EA76038C3BD9C1 /* WorkoutRestLiveActivityAttributes.swift */; };
		5E98AB5694FE5890EBB2B89E /* PlanPersistenceController.swift in Sources */ = {isa = PBXBuildFile; fileRef = AE3CCCE587C6EA3AF6D4AEC3 /* PlanPersistenceController.swift */; };
		65233BDD6EEC55BD6F49CD05 /* ProgressDashboardComponents.swift in Sources */ = {isa = PBXBuildFile; fileRef = D3FCE90BC5738D2C6801B1C3 /* ProgressDashboardComponents.swift */; };
		663C2A9BF8D85C5EEEF3ED67 /* PlanEditorSheet.swift in Sources */ = {isa = PBXBuildFile; fileRef = 6D2B674E812A8A78533CECF5 /* PlanEditorSheet.swift */; };
		6C45083FC5076CE51DA5817C /* PersistenceHydrationLoader.swift in Sources */ = {isa = PBXBuildFile; fileRef = 4E98D1BB2F44C1FC8BB53791 /* PersistenceHydrationLoader.swift */; };
		6DA80061865BD25052A7C609 /* TemplateEditorExercisesSectionView.swift in Sources */ = {isa = PBXBuildFile; fileRef = 10537126D45FEFED03391FEA /* TemplateEditorExercisesSectionView.swift */; };
		6F486A46A237655A3E17FAB2 /* TodayView.swift in Sources */ = {isa = PBXBuildFile; fileRef = 52805D45E33E09B99A97963E /* TodayView.swift */; };
		6FA6E27CB09C38A3784E222A /* WorkoutStoreTests+Persistence.swift in Sources */ = {isa = PBXBuildFile; fileRef = 0674AE004F36484525E3FDE4 /* WorkoutStoreTests+Persistence.swift */; };
		7B301CB8E677CBC77923FD1B /* AppStore.swift in Sources */ = {isa = PBXBuildFile; fileRef = D94E194F71DFC45B9BC0EFA8 /* AppStore.swift */; };
		801404D0C8FD55513617E18D /* WorkoutProgramEngine.swift in Sources */ = {isa = PBXBuildFile; fileRef = A8E94236EF3F7026EB63E520 /* WorkoutProgramEngine.swift */; };
		89DD61978E9B320E81F42462 /* RootTabView.swift in Sources */ = {isa = PBXBuildFile; fileRef = C4C245C17F0845CD25AB27DE /* RootTabView.swift */; };
		8A3DDA1BBDF250378A8B71D9 /* ActiveSessionSupportViews.swift in Sources */ = {isa = PBXBuildFile; fileRef = 83FEE8710421DBF9D383304B /* ActiveSessionSupportViews.swift */; };
		8B5229015E93B689CEA90E01 /* WorkoutStoreTests+SessionFlow.swift in Sources */ = {isa = PBXBuildFile; fileRef = 4A9FBE4E9888BB9AFF5A9E30 /* WorkoutStoreTests+SessionFlow.swift */; };
		8E11893CA52BAD2C7D8212CE /* ProgressDashboardView.swift in Sources */ = {isa = PBXBuildFile; fileRef = 0325F096B784BFE7100C7FD3 /* ProgressDashboardView.swift */; };
		941754F57E7C8BFFBF0C37C4 /* TodayRecentSessionsSectionView.swift in Sources */ = {isa = PBXBuildFile; fileRef = 404215D9001EA9DDAD579F75 /* TodayRecentSessionsSectionView.swift */; };
		9568187E2D944A9D28A33B07 /* PlanModels.swift in Sources */ = {isa = PBXBuildFile; fileRef = A51FCE51B78C1A0B4346A128 /* PlanModels.swift */; };
		96F6B4DFF002BFF2CEB5DB71 /* TodayPinnedTemplateCardView.swift in Sources */ = {isa = PBXBuildFile; fileRef = 55ACBEFB8EFAE7F63EA99A97 /* TodayPinnedTemplateCardView.swift */; };
		9786C143A7A35A0A2D836FA3 /* PlansHeroCardView.swift in Sources */ = {isa = PBXBuildFile; fileRef = C244A267FCCF210FC2C9021C /* PlansHeroCardView.swift */; };
		9AF142BAB4CC8EFB50DF1898 /* AppFlowBenchmarks.swift in Sources */ = {isa = PBXBuildFile; fileRef = 213E1EC74A54C134324BEDCB /* AppFlowBenchmarks.swift */; };
		9BB10AF0949889C5641D0EA8 /* ProgressCalendarSectionView.swift in Sources */ = {isa = PBXBuildFile; fileRef = FCB671BE27A4BB37B9F66760 /* ProgressCalendarSectionView.swift */; };
		A5D6F1069F974D6166FA4E21 /* PlansView.swift in Sources */ = {isa = PBXBuildFile; fileRef = A6F551E96F1AB14C39A92F59 /* PlansView.swift */; };
		A81D3F07D2C4CCBA717159A2 /* AnalyticsSelection.swift in Sources */ = {isa = PBXBuildFile; fileRef = 6560C72509AA21B84F3F6937 /* AnalyticsSelection.swift */; };
		A8828D7A8B1D188313BE25B7 /* WorkoutRestLiveActivityAttributes.swift in Sources */ = {isa = PBXBuildFile; fileRef = 9112C55EE4EA76038C3BD9C1 /* WorkoutRestLiveActivityAttributes.swift */; };
		ABD873E424154FD3FB356B4B /* WorkoutStoreTests.swift in Sources */ = {isa = PBXBuildFile; fileRef = C34F48B2A70097769AF75CFB /* WorkoutStoreTests.swift */; };
		AEAFC18F967330F4AEE1157A /* SessionModels.swift in Sources */ = {isa = PBXBuildFile; fileRef = 900AC0AFDD70EA87DD29B1D9 /* SessionModels.swift */; };
		B18072758F00CF50BC374CF2 /* ProgressOverviewSectionView.swift in Sources */ = {isa = PBXBuildFile; fileRef = 4898B3F6FF4FC3D1FAE9B17B /* ProgressOverviewSectionView.swift */; };
		B5556B66E58617C9630FF270 /* PlansStore.swift in Sources */ = {isa = PBXBuildFile; fileRef = 5471C856338068218EE358F1 /* PlansStore.swift */; };
		B84CA29D9D3E425E6C51602D /* AppViewModifiers.swift in Sources */ = {isa = PBXBuildFile; fileRef = 1B25CFC8A6CD54A12D6182E8 /* AppViewModifiers.swift */; };
		B98AD15F94C867048D43FE90 /* ProgressChartSectionView.swift in Sources */ = {isa = PBXBuildFile; fileRef = B7699A70D3B278717C1F2110 /* ProgressChartSectionView.swift */; };
		BCD83BB6600E601B7F55B426 /* WorkoutPlanningModels.swift in Sources */ = {isa = PBXBuildFile; fileRef = 1324CAED07837285D6E61ADE /* WorkoutPlanningModels.swift */; };
		BF0BBA9C9281D8084E1AC31C /* AppDerivedStateController.swift in Sources */ = {isa = PBXBuildFile; fileRef = 56ADB3EEC123E471847C99C2 /* AppDerivedStateController.swift */; };
		BF5F32A6617EE8C71B6F5739 /* SettingsStore.swift in Sources */ = {isa = PBXBuildFile; fileRef = E757935657204226202175F6 /* SettingsStore.swift */; };
		BFE42511CB7F6529C5BC3822 /* ProgressRecordsSectionView.swift in Sources */ = {isa = PBXBuildFile; fileRef = 205496818B66AA51BC83F2E0 /* ProgressRecordsSectionView.swift */; };
		C356296ADEB576F0B9376B94 /* TodayComponents.swift in Sources */ = {isa = PBXBuildFile; fileRef = 591C579FA426D89E5387D583 /* TodayComponents.swift */; };
		C822746D5084BA11D902EDD6 /* SessionPersistenceController.swift in Sources */ = {isa = PBXBuildFile; fileRef = A5FAA36FFF4BF3ECEB71B69A /* SessionPersistenceController.swift */; };
		C873F1BF28BC4543E6C2E3B9 /* ActiveSessionFooterView.swift in Sources */ = {isa = PBXBuildFile; fileRef = 985844D8C0955E8BB5B691B0 /* ActiveSessionFooterView.swift */; };
		CA14028F151554B24F145635 /* WorkoutTrackerApp.swift in Sources */ = {isa = PBXBuildFile; fileRef = 8B6929E79458DFDDD62A1605 /* WorkoutTrackerApp.swift */; };
		CB00FF016707C1A7EC7751D8 /* WorkoutStoreTests+Progress.swift in Sources */ = {isa = PBXBuildFile; fileRef = F74461F4628600645516A43A /* WorkoutStoreTests+Progress.swift */; };
		CB42BFC61A84E86CFD82EF09 /* WorkoutTrackerWidgetsBundle.swift in Sources */ = {isa = PBXBuildFile; fileRef = BD234CD4A8DA233787CFA717 /* WorkoutTrackerWidgetsBundle.swift */; };
		CE0418563B1C1A17B2F78676 /* TemplateEditorSheet.swift in Sources */ = {isa = PBXBuildFile; fileRef = 36C658BEB8E11855DAC0E537 /* TemplateEditorSheet.swift */; };
		CF33A00244BECE00A7216B2A /* ExercisePickerSearchIndex.swift in Sources */ = {isa = PBXBuildFile; fileRef = CB54832DE557FCD71F78E55D /* ExercisePickerSearchIndex.swift */; };
		D05F807131780E9BEC4B0D5A /* TemplateReferenceSelection.swift in Sources */ = {isa = PBXBuildFile; fileRef = F109B1EC03D0903A64C04C70 /* TemplateReferenceSelection.swift */; };
		D1BEBE38A146BA1856E80102 /* ProgressCalendarGrid.swift in Sources */ = {isa = PBXBuildFile; fileRef = 348194211AF3FA4B103153F1 /* ProgressCalendarGrid.swift */; };
		D1E2D2A2FFE41F316C5FD697 /* TodayHeroCardView.swift in Sources */ = {isa = PBXBuildFile; fileRef = CFD4C2CA07E2253128F6E0D6 /* TodayHeroCardView.swift */; };
		D3CCA51510E57EB23EC2CADF /* SessionStore.swift in Sources */ = {isa = PBXBuildFile; fileRef = 37C6D3E95AC8B122C4EE5956 /* SessionStore.swift */; };
		D53A766F1AE936687A92E60F /* ProgressHistorySectionView.swift in Sources */ = {isa = PBXBuildFile; fileRef = F743216C0D376A5016DCDFD6 /* ProgressHistorySectionView.swift */; };
		D562699C531A9DC92FE663D1 /* TodayStore.swift in Sources */ = {isa = PBXBuildFile; fileRef = 4F668B577DF5B3DD4E71DD6F /* TodayStore.swift */; };
		DD843EC5B2BDAD62B0A94F6A /* WorkoutTrackerUITests.swift in Sources */ = {isa = PBXBuildFile; fileRef = E014AF21A5AE214EC06B15EE /* WorkoutTrackerUITests.swift */; };
		E22C762D8A47CC833A289526 /* TemplateEditorOverviewSectionView.swift in Sources */ = {isa = PBXBuildFile; fileRef = 9C5A760BAB2C969D64D409FA /* TemplateEditorOverviewSectionView.swift */; };
		E48AFC8E175055D44724AE90 /* FlowAccentCard.swift in Sources */ = {isa = PBXBuildFile; fileRef = 734280B3C54183AC9B6D5CCB /* FlowAccentCard.swift */; };
		E9F43E40501A0B88860FED29 /* PerformanceSignpost.swift in Sources */ = {isa = PBXBuildFile; fileRef = 44EFD2411A395E1F75F04EF4 /* PerformanceSignpost.swift */; };
		ECDFBA16683815740183FB6E /* PlanRepository.swift in Sources */ = {isa = PBXBuildFile; fileRef = 5C408E890DD4357997B1354C /* PlanRepository.swift */; };
		ED361EB3CB32FDF8F713F516 /* WeightSupport.swift in Sources */ = {isa = PBXBuildFile; fileRef = FDD761DDB96023A7BF8ED75F /* WeightSupport.swift */; };
		ED7478F198DCDFCD0F107A4A /* WorkoutProgramEngineTests.swift in Sources */ = {isa = PBXBuildFile; fileRef = 551AE52134D85116A5415169 /* WorkoutProgramEngineTests.swift */; };
		EE3D1D6184CA8BDEFEC01279 /* SectionSurfaceDivider.swift in Sources */ = {isa = PBXBuildFile; fileRef = 8BE7294751260F4B918E76B6 /* SectionSurfaceDivider.swift */; };
		F2A6D53AAC3585EA81132C3B /* AppSessionCoordinator.swift in Sources */ = {isa = PBXBuildFile; fileRef = 7B685A158AF5F76855818923 /* AppSessionCoordinator.swift */; };
		F2F29421C4D216E92E4CA1E4 /* WorkoutPersistence.swift in Sources */ = {isa = PBXBuildFile; fileRef = 8AB3086357120E01CDDE8F2B /* WorkoutPersistence.swift */; };
		F5236A54CCF0ABCE1261E3B7 /* WorkoutRestLiveActivityWidget.swift in Sources */ = {isa = PBXBuildFile; fileRef = C0DD13522497FC9BFC6499CF /* WorkoutRestLiveActivityWidget.swift */; };
		F756D6DB92D282026E3F5F02 /* AnalyticsBenchmarks.swift in Sources */ = {isa = PBXBuildFile; fileRef = 56BEC5ACDA440ED353E4900F /* AnalyticsBenchmarks.swift */; };
		F80E1F42B021B631454098C7 /* TodayQuickStartSectionView.swift in Sources */ = {isa = PBXBuildFile; fileRef = 95BA1294C3D4536816FBAE96 /* TodayQuickStartSectionView.swift */; };
		FB6926C98B97739EACB896DA /* WorkoutStoreTests+Hydration.swift in Sources */ = {isa = PBXBuildFile; fileRef = D19200DD4EE4F1F2676E2A10 /* WorkoutStoreTests+Hydration.swift */; };
		FB95140922C4E21C545D8942 /* RootAppView.swift in Sources */ = {isa = PBXBuildFile; fileRef = AB1322EC7A2607D2248214F0 /* RootAppView.swift */; };
		FBD8A7946647080422A9FCE3 /* BenchmarkSupport.swift in Sources */ = {isa = PBXBuildFile; fileRef = 133A9AFDB5FFB6038B3900E2 /* BenchmarkSupport.swift */; };
/* End PBXBuildFile section */

/* Begin PBXContainerItemProxy section */
		321DAC34C285EC82241507C6 /* PBXContainerItemProxy */ = {
			isa = PBXContainerItemProxy;
			containerPortal = 911E322F47B92A6FA8D976C0 /* Project object */;
			proxyType = 1;
			remoteGlobalIDString = 6467659005103B3F100F0D23;
			remoteInfo = WorkoutTracker;
		};
		7DE97423B46D8EC16C814C7C /* PBXContainerItemProxy */ = {
			isa = PBXContainerItemProxy;
			containerPortal = 911E322F47B92A6FA8D976C0 /* Project object */;
			proxyType = 1;
			remoteGlobalIDString = 10B489A407A3C317CC52A510;
			remoteInfo = WorkoutTrackerWidgets;
		};
		A91A008C7D2D36762FC82FED /* PBXContainerItemProxy */ = {
			isa = PBXContainerItemProxy;
			containerPortal = 911E322F47B92A6FA8D976C0 /* Project object */;
			proxyType = 1;
			remoteGlobalIDString = 6467659005103B3F100F0D23;
			remoteInfo = WorkoutTracker;
		};
		CF3E642FAA11B6BA03823F74 /* PBXContainerItemProxy */ = {
			isa = PBXContainerItemProxy;
			containerPortal = 911E322F47B92A6FA8D976C0 /* Project object */;
			proxyType = 1;
			remoteGlobalIDString = 6467659005103B3F100F0D23;
			remoteInfo = WorkoutTracker;
		};
/* End PBXContainerItemProxy section */

/* Begin PBXCopyFilesBuildPhase section */
		FDEF0D644E81991E7EB34259 /* Embed Foundation Extensions */ = {
			isa = PBXCopyFilesBuildPhase;
			buildActionMask = 2147483647;
			dstPath = "";
			dstSubfolderSpec = 13;
			files = (
				4EA81F1B1810DBA56D82E49A /* WorkoutTrackerWidgets.appex in Embed Foundation Extensions */,
			);
			name = "Embed Foundation Extensions";
			runOnlyForDeploymentPostprocessing = 0;
		};
/* End PBXCopyFilesBuildPhase section */

/* Begin PBXFileReference section */
		0325F096B784BFE7100C7FD3 /* ProgressDashboardView.swift */ = {isa = PBXFileReference; lastKnownFileType = sourcecode.swift; path = ProgressDashboardView.swift; sourceTree = "<group>"; };
		035CE58F88A535907B9B82C2 /* TemplateEditorScheduleSectionView.swift */ = {isa = PBXFileReference; lastKnownFileType = sourcecode.swift; path = TemplateEditorScheduleSectionView.swift; sourceTree = "<group>"; };
		0674AE004F36484525E3FDE4 /* WorkoutStoreTests+Persistence.swift */ = {isa = PBXFileReference; lastKnownFileType = sourcecode.swift; path = "WorkoutStoreTests+Persistence.swift"; sourceTree = "<group>"; };
		0D708A781174BE4E832D188E /* AppPlanCoordinator.swift */ = {isa = PBXFileReference; lastKnownFileType = sourcecode.swift; path = AppPlanCoordinator.swift; sourceTree = "<group>"; };
		10537126D45FEFED03391FEA /* TemplateEditorExercisesSectionView.swift */ = {isa = PBXFileReference; lastKnownFileType = sourcecode.swift; path = TemplateEditorExercisesSectionView.swift; sourceTree = "<group>"; };
		1324CAED07837285D6E61ADE /* WorkoutPlanningModels.swift */ = {isa = PBXFileReference; lastKnownFileType = sourcecode.swift; path = WorkoutPlanningModels.swift; sourceTree = "<group>"; };
		133A9AFDB5FFB6038B3900E2 /* BenchmarkSupport.swift */ = {isa = PBXFileReference; lastKnownFileType = sourcecode.swift; path = BenchmarkSupport.swift; sourceTree = "<group>"; };
		14B34E88010C2C42BD6007CA /* AppTheme.swift */ = {isa = PBXFileReference; lastKnownFileType = sourcecode.swift; path = AppTheme.swift; sourceTree = "<group>"; };
		1B25CFC8A6CD54A12D6182E8 /* AppViewModifiers.swift */ = {isa = PBXFileReference; lastKnownFileType = sourcecode.swift; path = AppViewModifiers.swift; sourceTree = "<group>"; };
		1F8A9C0D2E3B4A5C6D7E8F91 /* PresetPrograms.json */ = {isa = PBXFileReference; lastKnownFileType = text.json; path = Presets/PresetPrograms.json; sourceTree = "<group>"; };
		205496818B66AA51BC83F2E0 /* ProgressRecordsSectionView.swift */ = {isa = PBXFileReference; lastKnownFileType = sourcecode.swift; path = ProgressRecordsSectionView.swift; sourceTree = "<group>"; };
		213E1EC74A54C134324BEDCB /* AppFlowBenchmarks.swift */ = {isa = PBXFileReference; lastKnownFileType = sourcecode.swift; path = AppFlowBenchmarks.swift; sourceTree = "<group>"; };
		22422402EB06630F25C7AF90 /* String+NonEmptyTrimmed.swift */ = {isa = PBXFileReference; lastKnownFileType = sourcecode.swift; path = "String+NonEmptyTrimmed.swift"; sourceTree = "<group>"; };
		2C82B255B050970A5F54F381 /* OnboardingView.swift */ = {isa = PBXFileReference; lastKnownFileType = sourcecode.swift; path = OnboardingView.swift; sourceTree = "<group>"; };
		348194211AF3FA4B103153F1 /* ProgressCalendarGrid.swift */ = {isa = PBXFileReference; lastKnownFileType = sourcecode.swift; path = ProgressCalendarGrid.swift; sourceTree = "<group>"; };
		36C658BEB8E11855DAC0E537 /* TemplateEditorSheet.swift */ = {isa = PBXFileReference; lastKnownFileType = sourcecode.swift; path = TemplateEditorSheet.swift; sourceTree = "<group>"; };
		37C6D3E95AC8B122C4EE5956 /* SessionStore.swift */ = {isa = PBXFileReference; lastKnownFileType = sourcecode.swift; path = SessionStore.swift; sourceTree = "<group>"; };
		3FE38E02182360CF96242C4C /* WeightLogicTests.swift */ = {isa = PBXFileReference; lastKnownFileType = sourcecode.swift; path = WeightLogicTests.swift; sourceTree = "<group>"; };
		404215D9001EA9DDAD579F75 /* TodayRecentSessionsSectionView.swift */ = {isa = PBXFileReference; lastKnownFileType = sourcecode.swift; path = TodayRecentSessionsSectionView.swift; sourceTree = "<group>"; };
		425D75CAF17444F918076FC9 /* ProgressStore.swift */ = {isa = PBXFileReference; lastKnownFileType = sourcecode.swift; path = ProgressStore.swift; sourceTree = "<group>"; };
		435A665E1EE8F8F82EA527B3 /* WorkoutTracker.app */ = {isa = PBXFileReference; includeInIndex = 0; lastKnownFileType = wrapper.application; path = WorkoutTracker.app; sourceTree = BUILT_PRODUCTS_DIR; };
		44EFD2411A395E1F75F04EF4 /* PerformanceSignpost.swift */ = {isa = PBXFileReference; lastKnownFileType = sourcecode.swift; path = PerformanceSignpost.swift; sourceTree = "<group>"; };
		457CE5C0B9F5F4621DA2CA4E /* SessionSetRowView.swift */ = {isa = PBXFileReference; lastKnownFileType = sourcecode.swift; path = SessionSetRowView.swift; sourceTree = "<group>"; };
		6C7D8E9FA1B2C3D4E5F6070A /* SessionSetNoteDisplay.swift */ = {isa = PBXFileReference; lastKnownFileType = sourcecode.swift; path = SessionSetNoteDisplay.swift; sourceTree = "<group>"; };
		45AEC5243B4F982899183AC2 /* WorkoutTrackerUITests.xctest */ = {isa = PBXFileReference; includeInIndex = 0; lastKnownFileType = wrapper.cfbundle; path = WorkoutTrackerUITests.xctest; sourceTree = BUILT_PRODUCTS_DIR; };
		47306DE023966E23A9B6289A /* PlanCardView.swift */ = {isa = PBXFileReference; lastKnownFileType = sourcecode.swift; path = PlanCardView.swift; sourceTree = "<group>"; };
		4898B3F6FF4FC3D1FAE9B17B /* ProgressOverviewSectionView.swift */ = {isa = PBXFileReference; lastKnownFileType = sourcecode.swift; path = ProgressOverviewSectionView.swift; sourceTree = "<group>"; };
		4A9FBE4E9888BB9AFF5A9E30 /* WorkoutStoreTests+SessionFlow.swift */ = {isa = PBXFileReference; lastKnownFileType = sourcecode.swift; path = "WorkoutStoreTests+SessionFlow.swift"; sourceTree = "<group>"; };
		4B71A65CCEC38D0EA65A693B /* RestTimerLiveActivityManager.swift */ = {isa = PBXFileReference; lastKnownFileType = sourcecode.swift; path = RestTimerLiveActivityManager.swift; sourceTree = "<group>"; };
		4DADCE1E6BEE5221EE1C9C78 /* PresetPackBuilder.swift */ = {isa = PBXFileReference; lastKnownFileType = sourcecode.swift; path = PresetPackBuilder.swift; sourceTree = "<group>"; };
		4E88ABCF2CA54295E03485CD /* TemplateDraftExerciseEditorView.swift */ = {isa = PBXFileReference; lastKnownFileType = sourcecode.swift; path = TemplateDraftExerciseEditorView.swift; sourceTree = "<group>"; };
		4E98D1BB2F44C1FC8BB53791 /* PersistenceHydrationLoader.swift */ = {isa = PBXFileReference; lastKnownFileType = sourcecode.swift; path = PersistenceHydrationLoader.swift; sourceTree = "<group>"; };
		4F668B577DF5B3DD4E71DD6F /* TodayStore.swift */ = {isa = PBXFileReference; lastKnownFileType = sourcecode.swift; path = TodayStore.swift; sourceTree = "<group>"; };
		52805D45E33E09B99A97963E /* TodayView.swift */ = {isa = PBXFileReference; lastKnownFileType = sourcecode.swift; path = TodayView.swift; sourceTree = "<group>"; };
		529545F8415525BCAA1BA69A /* AppChromeComponents.swift */ = {isa = PBXFileReference; lastKnownFileType = sourcecode.swift; path = AppChromeComponents.swift; sourceTree = "<group>"; };
		5471C856338068218EE358F1 /* PlansStore.swift */ = {isa = PBXFileReference; lastKnownFileType = sourcecode.swift; path = PlansStore.swift; sourceTree = "<group>"; };
		551AE52134D85116A5415169 /* WorkoutProgramEngineTests.swift */ = {isa = PBXFileReference; lastKnownFileType = sourcecode.swift; path = WorkoutProgramEngineTests.swift; sourceTree = "<group>"; };
		55ACBEFB8EFAE7F63EA99A97 /* TodayPinnedTemplateCardView.swift */ = {isa = PBXFileReference; lastKnownFileType = sourcecode.swift; path = TodayPinnedTemplateCardView.swift; sourceTree = "<group>"; };
		56ADB3EEC123E471847C99C2 /* AppDerivedStateController.swift */ = {isa = PBXFileReference; lastKnownFileType = sourcecode.swift; path = AppDerivedStateController.swift; sourceTree = "<group>"; };
		56BEC5ACDA440ED353E4900F /* AnalyticsBenchmarks.swift */ = {isa = PBXFileReference; lastKnownFileType = sourcecode.swift; path = AnalyticsBenchmarks.swift; sourceTree = "<group>"; };
		591C579FA426D89E5387D583 /* TodayComponents.swift */ = {isa = PBXFileReference; lastKnownFileType = sourcecode.swift; path = TodayComponents.swift; sourceTree = "<group>"; };
		5C408E890DD4357997B1354C /* PlanRepository.swift */ = {isa = PBXFileReference; lastKnownFileType = sourcecode.swift; path = PlanRepository.swift; sourceTree = "<group>"; };
		620348E2386C747CA921ABD7 /* ActiveSessionContentView.swift */ = {isa = PBXFileReference; lastKnownFileType = sourcecode.swift; path = ActiveSessionContentView.swift; sourceTree = "<group>"; };
		6560C72509AA21B84F3F6937 /* AnalyticsSelection.swift */ = {isa = PBXFileReference; lastKnownFileType = sourcecode.swift; path = AnalyticsSelection.swift; sourceTree = "<group>"; };
		6743DA6A4FC1393EE4461ABE /* WorkoutTrackerWidgets.appex */ = {isa = PBXFileReference; includeInIndex = 0; lastKnownFileType = "wrapper.app-extension"; path = WorkoutTrackerWidgets.appex; sourceTree = BUILT_PRODUCTS_DIR; };
		67A98A641E20F4D61C3835DD /* WorkoutDefaults.swift */ = {isa = PBXFileReference; lastKnownFileType = sourcecode.swift; path = WorkoutDefaults.swift; sourceTree = "<group>"; };
		69558F6536C2F7246FF24D4C /* NumericInputField.swift */ = {isa = PBXFileReference; lastKnownFileType = sourcecode.swift; path = NumericInputField.swift; sourceTree = "<group>"; };
		6D2B674E812A8A78533CECF5 /* PlanEditorSheet.swift */ = {isa = PBXFileReference; lastKnownFileType = sourcecode.swift; path = PlanEditorSheet.swift; sourceTree = "<group>"; };
		734280B3C54183AC9B6D5CCB /* FlowAccentCard.swift */ = {isa = PBXFileReference; lastKnownFileType = sourcecode.swift; path = FlowAccentCard.swift; sourceTree = "<group>"; };
		75D361851536F1B9E2530F73 /* PresetPack.swift */ = {isa = PBXFileReference; lastKnownFileType = sourcecode.swift; path = PresetPack.swift; sourceTree = "<group>"; };
		79F4B6C8286C48332B92FE9B /* BenchmarkFixtures.swift */ = {isa = PBXFileReference; lastKnownFileType = sourcecode.swift; path = BenchmarkFixtures.swift; sourceTree = "<group>"; };
		7B685A158AF5F76855818923 /* AppSessionCoordinator.swift */ = {isa = PBXFileReference; lastKnownFileType = sourcecode.swift; path = AppSessionCoordinator.swift; sourceTree = "<group>"; };
		83FEE8710421DBF9D383304B /* ActiveSessionSupportViews.swift */ = {isa = PBXFileReference; lastKnownFileType = sourcecode.swift; path = ActiveSessionSupportViews.swift; sourceTree = "<group>"; };
		8AB3086357120E01CDDE8F2B /* WorkoutPersistence.swift */ = {isa = PBXFileReference; lastKnownFileType = sourcecode.swift; path = WorkoutPersistence.swift; sourceTree = "<group>"; };
		8B6929E79458DFDDD62A1605 /* WorkoutTrackerApp.swift */ = {isa = PBXFileReference; lastKnownFileType = sourcecode.swift; path = WorkoutTrackerApp.swift; sourceTree = "<group>"; };
		8BE7294751260F4B918E76B6 /* SectionSurfaceDivider.swift */ = {isa = PBXFileReference; lastKnownFileType = sourcecode.swift; path = SectionSurfaceDivider.swift; sourceTree = "<group>"; };
		8EB99DF94CF53C9764164CA5 /* ExercisePickerSheet.swift */ = {isa = PBXFileReference; lastKnownFileType = sourcecode.swift; path = ExercisePickerSheet.swift; sourceTree = "<group>"; };
		900AC0AFDD70EA87DD29B1D9 /* SessionModels.swift */ = {isa = PBXFileReference; lastKnownFileType = sourcecode.swift; path = SessionModels.swift; sourceTree = "<group>"; };
		9112C55EE4EA76038C3BD9C1 /* WorkoutRestLiveActivityAttributes.swift */ = {isa = PBXFileReference; lastKnownFileType = sourcecode.swift; path = WorkoutRestLiveActivityAttributes.swift; sourceTree = "<group>"; };
		71A82B93C4D55E6F708192A0 /* AgentSessionDebugLog.swift */ = {isa = PBXFileReference; lastKnownFileType = sourcecode.swift; path = AgentSessionDebugLog.swift; sourceTree = "<group>"; };
		9345111EB872990345F84B6F /* TodayRecentRecordsSectionView.swift */ = {isa = PBXFileReference; lastKnownFileType = sourcecode.swift; path = TodayRecentRecordsSectionView.swift; sourceTree = "<group>"; };
		9559BC3C08A08FF40CC53612 /* CatalogSeed.swift */ = {isa = PBXFileReference; lastKnownFileType = sourcecode.swift; path = CatalogSeed.swift; sourceTree = "<group>"; };
		95BA1294C3D4536816FBAE96 /* TodayQuickStartSectionView.swift */ = {isa = PBXFileReference; lastKnownFileType = sourcecode.swift; path = TodayQuickStartSectionView.swift; sourceTree = "<group>"; };
		985844D8C0955E8BB5B691B0 /* ActiveSessionFooterView.swift */ = {isa = PBXFileReference; lastKnownFileType = sourcecode.swift; path = ActiveSessionFooterView.swift; sourceTree = "<group>"; };
		9C5A760BAB2C969D64D409FA /* TemplateEditorOverviewSectionView.swift */ = {isa = PBXFileReference; lastKnownFileType = sourcecode.swift; path = TemplateEditorOverviewSectionView.swift; sourceTree = "<group>"; };
		A04D5F7786D4CF5FECD899AA /* WorkoutStoreTests+Analytics.swift */ = {isa = PBXFileReference; lastKnownFileType = sourcecode.swift; path = "WorkoutStoreTests+Analytics.swift"; sourceTree = "<group>"; };
		A51FCE51B78C1A0B4346A128 /* PlanModels.swift */ = {isa = PBXFileReference; lastKnownFileType = sourcecode.swift; path = PlanModels.swift; sourceTree = "<group>"; };
		A5FAA36FFF4BF3ECEB71B69A /* SessionPersistenceController.swift */ = {isa = PBXFileReference; lastKnownFileType = sourcecode.swift; path = SessionPersistenceController.swift; sourceTree = "<group>"; };
		A6F551E96F1AB14C39A92F59 /* PlansView.swift */ = {isa = PBXFileReference; lastKnownFileType = sourcecode.swift; path = PlansView.swift; sourceTree = "<group>"; };
		A8E94236EF3F7026EB63E520 /* WorkoutProgramEngine.swift */ = {isa = PBXFileReference; lastKnownFileType = sourcecode.swift; path = WorkoutProgramEngine.swift; sourceTree = "<group>"; };
		A98E20B6ABA6793504EF2AE8 /* SessionStartSupport.swift */ = {isa = PBXFileReference; lastKnownFileType = sourcecode.swift; path = SessionStartSupport.swift; sourceTree = "<group>"; };
		AB1322EC7A2607D2248214F0 /* RootAppView.swift */ = {isa = PBXFileReference; lastKnownFileType = sourcecode.swift; path = RootAppView.swift; sourceTree = "<group>"; };
		AE0F343F930E993FACF6AC2F /* TodayResumeCardView.swift */ = {isa = PBXFileReference; lastKnownFileType = sourcecode.swift; path = TodayResumeCardView.swift; sourceTree = "<group>"; };
		AE3CCCE587C6EA3AF6D4AEC3 /* PlanPersistenceController.swift */ = {isa = PBXFileReference; lastKnownFileType = sourcecode.swift; path = PlanPersistenceController.swift; sourceTree = "<group>"; };
		B0FD5BFD855ECADBEA29FC62 /* SessionSummaryViews.swift */ = {isa = PBXFileReference; lastKnownFileType = sourcecode.swift; path = SessionSummaryViews.swift; sourceTree = "<group>"; };
		B7699A70D3B278717C1F2110 /* ProgressChartSectionView.swift */ = {isa = PBXFileReference; lastKnownFileType = sourcecode.swift; path = ProgressChartSectionView.swift; sourceTree = "<group>"; };
		BD234CD4A8DA233787CFA717 /* WorkoutTrackerWidgetsBundle.swift */ = {isa = PBXFileReference; lastKnownFileType = sourcecode.swift; path = WorkoutTrackerWidgetsBundle.swift; sourceTree = "<group>"; };
		C0DD13522497FC9BFC6499CF /* WorkoutRestLiveActivityWidget.swift */ = {isa = PBXFileReference; lastKnownFileType = sourcecode.swift; path = WorkoutRestLiveActivityWidget.swift; sourceTree = "<group>"; };
		C12FC19FDCC2D9065F7B67C6 /* WorkoutStoreTests+Plans.swift */ = {isa = PBXFileReference; lastKnownFileType = sourcecode.swift; path = "WorkoutStoreTests+Plans.swift"; sourceTree = "<group>"; };
		C244A267FCCF210FC2C9021C /* PlansHeroCardView.swift */ = {isa = PBXFileReference; lastKnownFileType = sourcecode.swift; path = PlansHeroCardView.swift; sourceTree = "<group>"; };
		C34F48B2A70097769AF75CFB /* WorkoutStoreTests.swift */ = {isa = PBXFileReference; lastKnownFileType = sourcecode.swift; path = WorkoutStoreTests.swift; sourceTree = "<group>"; };
		C4C245C17F0845CD25AB27DE /* RootTabView.swift */ = {isa = PBXFileReference; lastKnownFileType = sourcecode.swift; path = RootTabView.swift; sourceTree = "<group>"; };
		C87181B3A04494C45C051A16 /* ActiveSessionView.swift */ = {isa = PBXFileReference; lastKnownFileType = sourcecode.swift; path = ActiveSessionView.swift; sourceTree = "<group>"; };
		CB54832DE557FCD71F78E55D /* ExercisePickerSearchIndex.swift */ = {isa = PBXFileReference; lastKnownFileType = sourcecode.swift; path = ExercisePickerSearchIndex.swift; sourceTree = "<group>"; };
		CE205A9DD09C189FEE710D8D /* SessionRepository.swift */ = {isa = PBXFileReference; lastKnownFileType = sourcecode.swift; path = SessionRepository.swift; sourceTree = "<group>"; };
		CFB89BA958473D4799209DE5 /* WorkoutTrackerTests.xctest */ = {isa = PBXFileReference; includeInIndex = 0; lastKnownFileType = wrapper.cfbundle; path = WorkoutTrackerTests.xctest; sourceTree = BUILT_PRODUCTS_DIR; };
		CFD4C2CA07E2253128F6E0D6 /* TodayHeroCardView.swift */ = {isa = PBXFileReference; lastKnownFileType = sourcecode.swift; path = TodayHeroCardView.swift; sourceTree = "<group>"; };
		D0FDD673FDE8983E2E6FE465 /* ProgressModels.swift */ = {isa = PBXFileReference; lastKnownFileType = sourcecode.swift; path = ProgressModels.swift; sourceTree = "<group>"; };
		D19200DD4EE4F1F2676E2A10 /* WorkoutStoreTests+Hydration.swift */ = {isa = PBXFileReference; lastKnownFileType = sourcecode.swift; path = "WorkoutStoreTests+Hydration.swift"; sourceTree = "<group>"; };
		D2882EBF0F0C874D7A4FC081 /* PersistenceBenchmarks.swift */ = {isa = PBXFileReference; lastKnownFileType = sourcecode.swift; path = PersistenceBenchmarks.swift; sourceTree = "<group>"; };
		D3FCE90BC5738D2C6801B1C3 /* ProgressDashboardComponents.swift */ = {isa = PBXFileReference; lastKnownFileType = sourcecode.swift; path = ProgressDashboardComponents.swift; sourceTree = "<group>"; };
		D4A4A066D5510BA622E8FC1F /* BenchmarkHarness.swift */ = {isa = PBXFileReference; lastKnownFileType = sourcecode.swift; path = BenchmarkHarness.swift; sourceTree = "<group>"; };
		D94E194F71DFC45B9BC0EFA8 /* AppStore.swift */ = {isa = PBXFileReference; lastKnownFileType = sourcecode.swift; path = AppStore.swift; sourceTree = "<group>"; };
		DA683848A95C854270BE8300 /* Assets.xcassets */ = {isa = PBXFileReference; lastKnownFileType = folder.assetcatalog; path = Assets.xcassets; sourceTree = "<group>"; };
		E014AF21A5AE214EC06B15EE /* WorkoutTrackerUITests.swift */ = {isa = PBXFileReference; lastKnownFileType = sourcecode.swift; path = WorkoutTrackerUITests.swift; sourceTree = "<group>"; };
		E757935657204226202175F6 /* SettingsStore.swift */ = {isa = PBXFileReference; lastKnownFileType = sourcecode.swift; path = SettingsStore.swift; sourceTree = "<group>"; };
		F109B1EC03D0903A64C04C70 /* TemplateReferenceSelection.swift */ = {isa = PBXFileReference; lastKnownFileType = sourcecode.swift; path = TemplateReferenceSelection.swift; sourceTree = "<group>"; };
		F2AC8159E86DCF26F7DF8B58 /* WorkoutTrackerBenchmarks.xctest */ = {isa = PBXFileReference; includeInIndex = 0; lastKnownFileType = wrapper.cfbundle; path = WorkoutTrackerBenchmarks.xctest; sourceTree = BUILT_PRODUCTS_DIR; };
		F438895A33123202B2F4A0F2 /* AnalyticsRepository.swift */ = {isa = PBXFileReference; lastKnownFileType = sourcecode.swift; path = AnalyticsRepository.swift; sourceTree = "<group>"; };
		F743216C0D376A5016DCDFD6 /* ProgressHistorySectionView.swift */ = {isa = PBXFileReference; lastKnownFileType = sourcecode.swift; path = ProgressHistorySectionView.swift; sourceTree = "<group>"; };
		F74461F4628600645516A43A /* WorkoutStoreTests+Progress.swift */ = {isa = PBXFileReference; lastKnownFileType = sourcecode.swift; path = "WorkoutStoreTests+Progress.swift"; sourceTree = "<group>"; };
		FCB671BE27A4BB37B9F66760 /* ProgressCalendarSectionView.swift */ = {isa = PBXFileReference; lastKnownFileType = sourcecode.swift; path = ProgressCalendarSectionView.swift; sourceTree = "<group>"; };
		FDD761DDB96023A7BF8ED75F /* WeightSupport.swift */ = {isa = PBXFileReference; lastKnownFileType = sourcecode.swift; path = WeightSupport.swift; sourceTree = "<group>"; };
		FE69DCFE1275005B9B36F270 /* SessionExerciseCardView.swift */ = {isa = PBXFileReference; lastKnownFileType = sourcecode.swift; path = SessionExerciseCardView.swift; sourceTree = "<group>"; };
/* End PBXFileReference section */

/* Begin PBXGroup section */
		03181CAEDD52CB34F7928F4E /* Weight */ = {
			isa = PBXGroup;
			children = (
				FDD761DDB96023A7BF8ED75F /* WeightSupport.swift */,
			);
			path = Weight;
			sourceTree = "<group>";
		};
		0A5987A907288858AC266582 /* Progress */ = {
			isa = PBXGroup;
			children = (
				6560C72509AA21B84F3F6937 /* AnalyticsSelection.swift */,
				D0FDD673FDE8983E2E6FE465 /* ProgressModels.swift */,
				F109B1EC03D0903A64C04C70 /* TemplateReferenceSelection.swift */,
			);
			path = Progress;
			sourceTree = "<group>";
		};
		1675B96D4B11E697308DAED2 /* Repositories */ = {
			isa = PBXGroup;
			children = (
				5C408E890DD4357997B1354C /* PlanRepository.swift */,
				CE205A9DD09C189FEE710D8D /* SessionRepository.swift */,
			);
			path = Repositories;
			sourceTree = "<group>";
		};
		17A496038BD04FEB46678EBB /* Plans */ = {
			isa = PBXGroup;
			children = (
				CB54832DE557FCD71F78E55D /* ExercisePickerSearchIndex.swift */,
				8EB99DF94CF53C9764164CA5 /* ExercisePickerSheet.swift */,
				47306DE023966E23A9B6289A /* PlanCardView.swift */,
				6D2B674E812A8A78533CECF5 /* PlanEditorSheet.swift */,
				C244A267FCCF210FC2C9021C /* PlansHeroCardView.swift */,
				5471C856338068218EE358F1 /* PlansStore.swift */,
				A6F551E96F1AB14C39A92F59 /* PlansView.swift */,
				4E88ABCF2CA54295E03485CD /* TemplateDraftExerciseEditorView.swift */,
				10537126D45FEFED03391FEA /* TemplateEditorExercisesSectionView.swift */,
				9C5A760BAB2C969D64D409FA /* TemplateEditorOverviewSectionView.swift */,
				035CE58F88A535907B9B82C2 /* TemplateEditorScheduleSectionView.swift */,
				36C658BEB8E11855DAC0E537 /* TemplateEditorSheet.swift */,
			);
			path = Plans;
			sourceTree = "<group>";
		};
		23A01BB25AE93B0F5FBC7AF4 /* Controllers */ = {
			isa = PBXGroup;
			children = (
				AE3CCCE587C6EA3AF6D4AEC3 /* PlanPersistenceController.swift */,
				A5FAA36FFF4BF3ECEB71B69A /* SessionPersistenceController.swift */,
			);
			path = Controllers;
			sourceTree = "<group>";
		};
		25A9E7E66BB5393357D640F5 /* WorkoutTrackerBenchmarks */ = {
			isa = PBXGroup;
			children = (
				56BEC5ACDA440ED353E4900F /* AnalyticsBenchmarks.swift */,
				213E1EC74A54C134324BEDCB /* AppFlowBenchmarks.swift */,
				79F4B6C8286C48332B92FE9B /* BenchmarkFixtures.swift */,
				D4A4A066D5510BA622E8FC1F /* BenchmarkHarness.swift */,
				133A9AFDB5FFB6038B3900E2 /* BenchmarkSupport.swift */,
				D2882EBF0F0C874D7A4FC081 /* PersistenceBenchmarks.swift */,
			);
			path = WorkoutTrackerBenchmarks;
			sourceTree = "<group>";
		};
		28BCE635300E770ED2736810 /* Plans */ = {
			isa = PBXGroup;
			children = (
				A51FCE51B78C1A0B4346A128 /* PlanModels.swift */,
				1324CAED07837285D6E61ADE /* WorkoutPlanningModels.swift */,
			);
			path = Plans;
			sourceTree = "<group>";
		};
		3CB9D93A4258EE0C728521B1 /* Modifiers */ = {
			isa = PBXGroup;
			children = (
				1B25CFC8A6CD54A12D6182E8 /* AppViewModifiers.swift */,
			);
			path = Modifiers;
			sourceTree = "<group>";
		};
		43218ABA87B5A517AF9449AD /* Schema */ = {
			isa = PBXGroup;
			children = (
				8AB3086357120E01CDDE8F2B /* WorkoutPersistence.swift */,
			);
			path = Schema;
			sourceTree = "<group>";
		};
		517243897CCA3CC598FFCE4F /* Resources */ = {
			isa = PBXGroup;
			children = (
				DA683848A95C854270BE8300 /* Assets.xcassets */,
				1F8A9C0D2E3B4A5C6D7E8F91 /* PresetPrograms.json */,
			);
			name = Resources;
			path = WorkoutTracker/Resources;
			sourceTree = "<group>";
		};
		5499DC051092E1E9349F1610 /* Session */ = {
			isa = PBXGroup;
			children = (
				620348E2386C747CA921ABD7 /* ActiveSessionContentView.swift */,
				985844D8C0955E8BB5B691B0 /* ActiveSessionFooterView.swift */,
				83FEE8710421DBF9D383304B /* ActiveSessionSupportViews.swift */,
				C87181B3A04494C45C051A16 /* ActiveSessionView.swift */,
				4B71A65CCEC38D0EA65A693B /* RestTimerLiveActivityManager.swift */,
				FE69DCFE1275005B9B36F270 /* SessionExerciseCardView.swift */,
				457CE5C0B9F5F4621DA2CA4E /* SessionSetRowView.swift */,
				6C7D8E9FA1B2C3D4E5F6070A /* SessionSetNoteDisplay.swift */,
				A98E20B6ABA6793504EF2AE8 /* SessionStartSupport.swift */,
				37C6D3E95AC8B122C4EE5956 /* SessionStore.swift */,
				B0FD5BFD855ECADBEA29FC62 /* SessionSummaryViews.swift */,
			);
			path = Session;
			sourceTree = "<group>";
		};
		581AF7C3659DE2780EF19E66 /* Components */ = {
			isa = PBXGroup;
			children = (
				529545F8415525BCAA1BA69A /* AppChromeComponents.swift */,
				734280B3C54183AC9B6D5CCB /* FlowAccentCard.swift */,
				69558F6536C2F7246FF24D4C /* NumericInputField.swift */,
				8BE7294751260F4B918E76B6 /* SectionSurfaceDivider.swift */,
			);
			path = Components;
			sourceTree = "<group>";
		};
		69373458182FFD8E9FAB6E13 /* Programs */ = {
			isa = PBXGroup;
			children = (
				A8E94236EF3F7026EB63E520 /* WorkoutProgramEngine.swift */,
			);
			path = Programs;
			sourceTree = "<group>";
		};
		6D29715680C78751C1020C47 /* WorkoutTrackerUITests */ = {
			isa = PBXGroup;
			children = (
				E014AF21A5AE214EC06B15EE /* WorkoutTrackerUITests.swift */,
			);
			path = WorkoutTrackerUITests;
			sourceTree = "<group>";
		};
		6D543672D8AF79FBB347357A /* Coordinators */ = {
			isa = PBXGroup;
			children = (
				56ADB3EEC123E471847C99C2 /* AppDerivedStateController.swift */,
				0D708A781174BE4E832D188E /* AppPlanCoordinator.swift */,
				7B685A158AF5F76855818923 /* AppSessionCoordinator.swift */,
			);
			path = Coordinators;
			sourceTree = "<group>";
		};
		77C7E4B6B6617E25FC4AF403 /* LiveActivities */ = {
			isa = PBXGroup;
			children = (
				71A82B93C4D55E6F708192A0 /* AgentSessionDebugLog.swift */,
				9112C55EE4EA76038C3BD9C1 /* WorkoutRestLiveActivityAttributes.swift */,
			);
			path = LiveActivities;
			sourceTree = "<group>";
		};
		7DB3F3DDBA70080E51067C7B /* WorkoutTrackerWidgets */ = {
			isa = PBXGroup;
			children = (
				C0DD13522497FC9BFC6499CF /* WorkoutRestLiveActivityWidget.swift */,
				BD234CD4A8DA233787CFA717 /* WorkoutTrackerWidgetsBundle.swift */,
			);
			path = WorkoutTrackerWidgets;
			sourceTree = "<group>";
		};
		89BD2DB9BEFC358330F2949E /* Onboarding */ = {
			isa = PBXGroup;
			children = (
				2C82B255B050970A5F54F381 /* OnboardingView.swift */,
			);
			path = Onboarding;
			sourceTree = "<group>";
		};
		89E3C800B1AAD79249110FE2 /* App */ = {
			isa = PBXGroup;
			children = (
				D94E194F71DFC45B9BC0EFA8 /* AppStore.swift */,
				AB1322EC7A2607D2248214F0 /* RootAppView.swift */,
				C4C245C17F0845CD25AB27DE /* RootTabView.swift */,
				E757935657204226202175F6 /* SettingsStore.swift */,
				8B6929E79458DFDDD62A1605 /* WorkoutTrackerApp.swift */,
				6D543672D8AF79FBB347357A /* Coordinators */,
			);
			path = App;
			sourceTree = "<group>";
		};
		89EEEBFAFB024D7938F3B4F2 /* Theme */ = {
			isa = PBXGroup;
			children = (
				14B34E88010C2C42BD6007CA /* AppTheme.swift */,
			);
			path = Theme;
			sourceTree = "<group>";
		};
		8BE860EA2D3B78EFD9C0AAC9 /* Today */ = {
			isa = PBXGroup;
			children = (
				591C579FA426D89E5387D583 /* TodayComponents.swift */,
				CFD4C2CA07E2253128F6E0D6 /* TodayHeroCardView.swift */,
				55ACBEFB8EFAE7F63EA99A97 /* TodayPinnedTemplateCardView.swift */,
				95BA1294C3D4536816FBAE96 /* TodayQuickStartSectionView.swift */,
				9345111EB872990345F84B6F /* TodayRecentRecordsSectionView.swift */,
				404215D9001EA9DDAD579F75 /* TodayRecentSessionsSectionView.swift */,
				AE0F343F930E993FACF6AC2F /* TodayResumeCardView.swift */,
				4F668B577DF5B3DD4E71DD6F /* TodayStore.swift */,
				52805D45E33E09B99A97963E /* TodayView.swift */,
			);
			path = Today;
			sourceTree = "<group>";
		};
		964416E21C4011FF61C24EFC /* Common */ = {
			isa = PBXGroup;
			children = (
				67A98A641E20F4D61C3835DD /* WorkoutDefaults.swift */,
			);
			path = Common;
			sourceTree = "<group>";
		};
		A0A064D7D2D7B48FF9D9A7CB /* Data */ = {
			isa = PBXGroup;
			children = (
				D922C1E9933A105F907272F1 /* Analytics */,
				BC659F43C29EBE425ED9C9D2 /* Persistence */,
			);
			path = Data;
			sourceTree = "<group>";
		};
		A27ED55472E998CE25A35E65 /* Utilities */ = {
			isa = PBXGroup;
			children = (
				44EFD2411A395E1F75F04EF4 /* PerformanceSignpost.swift */,
			);
			path = Utilities;
			sourceTree = "<group>";
		};
		A299D8FA2EE633EA50284A46 /* WorkoutTrackerTests */ = {
			isa = PBXGroup;
			children = (
				3FE38E02182360CF96242C4C /* WeightLogicTests.swift */,
				551AE52134D85116A5415169 /* WorkoutProgramEngineTests.swift */,
				C34F48B2A70097769AF75CFB /* WorkoutStoreTests.swift */,
				A04D5F7786D4CF5FECD899AA /* WorkoutStoreTests+Analytics.swift */,
				D19200DD4EE4F1F2676E2A10 /* WorkoutStoreTests+Hydration.swift */,
				0674AE004F36484525E3FDE4 /* WorkoutStoreTests+Persistence.swift */,
				C12FC19FDCC2D9065F7B67C6 /* WorkoutStoreTests+Plans.swift */,
				F74461F4628600645516A43A /* WorkoutStoreTests+Progress.swift */,
				4A9FBE4E9888BB9AFF5A9E30 /* WorkoutStoreTests+SessionFlow.swift */,
			);
			path = WorkoutTrackerTests;
			sourceTree = "<group>";
		};
		A5852C6716498DCA10E930B5 /* Shared */ = {
			isa = PBXGroup;
			children = (
				581AF7C3659DE2780EF19E66 /* Components */,
				B0AAB3029DEC7267614E844E /* Extensions */,
				3CB9D93A4258EE0C728521B1 /* Modifiers */,
				89EEEBFAFB024D7938F3B4F2 /* Theme */,
				A27ED55472E998CE25A35E65 /* Utilities */,
			);
			path = Shared;
			sourceTree = "<group>";
		};
		A961CBC425F8967DE0CEF6D9 /* Progress */ = {
			isa = PBXGroup;
			children = (
				348194211AF3FA4B103153F1 /* ProgressCalendarGrid.swift */,
				FCB671BE27A4BB37B9F66760 /* ProgressCalendarSectionView.swift */,
				B7699A70D3B278717C1F2110 /* ProgressChartSectionView.swift */,
				D3FCE90BC5738D2C6801B1C3 /* ProgressDashboardComponents.swift */,
				0325F096B784BFE7100C7FD3 /* ProgressDashboardView.swift */,
				F743216C0D376A5016DCDFD6 /* ProgressHistorySectionView.swift */,
				4898B3F6FF4FC3D1FAE9B17B /* ProgressOverviewSectionView.swift */,
				205496818B66AA51BC83F2E0 /* ProgressRecordsSectionView.swift */,
				425D75CAF17444F918076FC9 /* ProgressStore.swift */,
			);
			path = Progress;
			sourceTree = "<group>";
		};
		AD6248B3D6F5FB51D1B71926 = {
			isa = PBXGroup;
			children = (
				517243897CCA3CC598FFCE4F /* Resources */,
				E4E43F24E68521EDECD85406 /* WorkoutTracker */,
				25A9E7E66BB5393357D640F5 /* WorkoutTrackerBenchmarks */,
				A299D8FA2EE633EA50284A46 /* WorkoutTrackerTests */,
				6D29715680C78751C1020C47 /* WorkoutTrackerUITests */,
				7DB3F3DDBA70080E51067C7B /* WorkoutTrackerWidgets */,
				C91759DD6A5BDB578F6ECD07 /* Products */,
			);
			sourceTree = "<group>";
		};
		B0AAB3029DEC7267614E844E /* Extensions */ = {
			isa = PBXGroup;
			children = (
				22422402EB06630F25C7AF90 /* String+NonEmptyTrimmed.swift */,
			);
			path = Extensions;
			sourceTree = "<group>";
		};
		B2C2F2A53B8CF703A672BAA3 /* Session */ = {
			isa = PBXGroup;
			children = (
				900AC0AFDD70EA87DD29B1D9 /* SessionModels.swift */,
			);
			path = Session;
			sourceTree = "<group>";
		};
		BC659F43C29EBE425ED9C9D2 /* Persistence */ = {
			isa = PBXGroup;
			children = (
				23A01BB25AE93B0F5FBC7AF4 /* Controllers */,
				EAAA3978C6B2529726FAD743 /* Hydration */,
				1675B96D4B11E697308DAED2 /* Repositories */,
				43218ABA87B5A517AF9449AD /* Schema */,
			);
			path = Persistence;
			sourceTree = "<group>";
		};
		C91759DD6A5BDB578F6ECD07 /* Products */ = {
			isa = PBXGroup;
			children = (
				435A665E1EE8F8F82EA527B3 /* WorkoutTracker.app */,
				F2AC8159E86DCF26F7DF8B58 /* WorkoutTrackerBenchmarks.xctest */,
				CFB89BA958473D4799209DE5 /* WorkoutTrackerTests.xctest */,
				45AEC5243B4F982899183AC2 /* WorkoutTrackerUITests.xctest */,
				6743DA6A4FC1393EE4461ABE /* WorkoutTrackerWidgets.appex */,
			);
			name = Products;
			sourceTree = "<group>";
		};
		CDC94BF1D23B8AA736CB15DB /* Presets */ = {
			isa = PBXGroup;
			children = (
				9559BC3C08A08FF40CC53612 /* CatalogSeed.swift */,
				75D361851536F1B9E2530F73 /* PresetPack.swift */,
				4DADCE1E6BEE5221EE1C9C78 /* PresetPackBuilder.swift */,
			);
			path = Presets;
			sourceTree = "<group>";
		};
		D922C1E9933A105F907272F1 /* Analytics */ = {
			isa = PBXGroup;
			children = (
				F438895A33123202B2F4A0F2 /* AnalyticsRepository.swift */,
			);
			path = Analytics;
			sourceTree = "<group>";
		};
		E4E43F24E68521EDECD85406 /* WorkoutTracker */ = {
			isa = PBXGroup;
			children = (
				89E3C800B1AAD79249110FE2 /* App */,
				A0A064D7D2D7B48FF9D9A7CB /* Data */,
				E92710C6C61B23ADA7CF4C63 /* Domain */,
				FF5998D202E8EC5742691A15 /* Features */,
				77C7E4B6B6617E25FC4AF403 /* LiveActivities */,
				A5852C6716498DCA10E930B5 /* Shared */,
			);
			path = WorkoutTracker;
			sourceTree = "<group>";
		};
		E92710C6C61B23ADA7CF4C63 /* Domain */ = {
			isa = PBXGroup;
			children = (
				964416E21C4011FF61C24EFC /* Common */,
				28BCE635300E770ED2736810 /* Plans */,
				CDC94BF1D23B8AA736CB15DB /* Presets */,
				69373458182FFD8E9FAB6E13 /* Programs */,
				0A5987A907288858AC266582 /* Progress */,
				B2C2F2A53B8CF703A672BAA3 /* Session */,
				03181CAEDD52CB34F7928F4E /* Weight */,
			);
			path = Domain;
			sourceTree = "<group>";
		};
		EAAA3978C6B2529726FAD743 /* Hydration */ = {
			isa = PBXGroup;
			children = (
				4E98D1BB2F44C1FC8BB53791 /* PersistenceHydrationLoader.swift */,
			);
			path = Hydration;
			sourceTree = "<group>";
		};
		FF5998D202E8EC5742691A15 /* Features */ = {
			isa = PBXGroup;
			children = (
				89BD2DB9BEFC358330F2949E /* Onboarding */,
				17A496038BD04FEB46678EBB /* Plans */,
				A961CBC425F8967DE0CEF6D9 /* Progress */,
				5499DC051092E1E9349F1610 /* Session */,
				8BE860EA2D3B78EFD9C0AAC9 /* Today */,
			);
			path = Features;
			sourceTree = "<group>";
		};
/* End PBXGroup section */

/* Begin PBXNativeTarget section */
		10B489A407A3C317CC52A510 /* WorkoutTrackerWidgets */ = {
			isa = PBXNativeTarget;
			buildConfigurationList = 33C2EBFDCCA50B3A8616FA0B /* Build configuration list for PBXNativeTarget "WorkoutTrackerWidgets" */;
			buildPhases = (
				55A99B596C12F1F80214A092 /* Sources */,
			);
			buildRules = (
			);
			dependencies = (
			);
			name = WorkoutTrackerWidgets;
			packageProductDependencies = (
			);
			productName = WorkoutTrackerWidgets;
			productReference = 6743DA6A4FC1393EE4461ABE /* WorkoutTrackerWidgets.appex */;
			productType = "com.apple.product-type.app-extension";
		};
		2211EC194A62862556F64CBA /* WorkoutTrackerBenchmarks */ = {
			isa = PBXNativeTarget;
			buildConfigurationList = 599266019470AD64AFF1B754 /* Build configuration list for PBXNativeTarget "WorkoutTrackerBenchmarks" */;
			buildPhases = (
				44F0B3784DFD7EBDA74B16B7 /* Sources */,
			);
			buildRules = (
			);
			dependencies = (
				52FBA2C1CA81B2C3DA866874 /* PBXTargetDependency */,
			);
			name = WorkoutTrackerBenchmarks;
			packageProductDependencies = (
			);
			productName = WorkoutTrackerBenchmarks;
			productReference = F2AC8159E86DCF26F7DF8B58 /* WorkoutTrackerBenchmarks.xctest */;
			productType = "com.apple.product-type.bundle.unit-test";
		};
		6467659005103B3F100F0D23 /* WorkoutTracker */ = {
			isa = PBXNativeTarget;
			buildConfigurationList = 5A9C28BF88DEAB640165D446 /* Build configuration list for PBXNativeTarget "WorkoutTracker" */;
			buildPhases = (
				F26A043336E64F6B17388847 /* Sources */,
				E54EDE7918B4F355385CF221 /* Resources */,
				FDEF0D644E81991E7EB34259 /* Embed Foundation Extensions */,
			);
			buildRules = (
			);
			dependencies = (
				F8316235454FAD602D1C156B /* PBXTargetDependency */,
			);
			name = WorkoutTracker;
			packageProductDependencies = (
			);
			productName = WorkoutTracker;
			productReference = 435A665E1EE8F8F82EA527B3 /* WorkoutTracker.app */;
			productType = "com.apple.product-type.application";
		};
		6A8555F0D3FB8289CC2AA8CA /* WorkoutTrackerUITests */ = {
			isa = PBXNativeTarget;
			buildConfigurationList = C6D840A6D8FCD1F4BEED0261 /* Build configuration list for PBXNativeTarget "WorkoutTrackerUITests" */;
			buildPhases = (
				461D42BC526B5CC44E17980B /* Sources */,
			);
			buildRules = (
			);
			dependencies = (
				CCBBDE547F412EFA65355DD8 /* PBXTargetDependency */,
			);
			name = WorkoutTrackerUITests;
			packageProductDependencies = (
			);
			productName = WorkoutTrackerUITests;
			productReference = 45AEC5243B4F982899183AC2 /* WorkoutTrackerUITests.xctest */;
			productType = "com.apple.product-type.bundle.ui-testing";
		};
		707D9FED1E17B39EF52E62EF /* WorkoutTrackerTests */ = {
			isa = PBXNativeTarget;
			buildConfigurationList = 112811EE4A198E2F64C6E268 /* Build configuration list for PBXNativeTarget "WorkoutTrackerTests" */;
			buildPhases = (
				E98FB6DCF05A192EB2634FA9 /* Sources */,
			);
			buildRules = (
			);
			dependencies = (
				5E078775E2ED79863DC9FB89 /* PBXTargetDependency */,
			);
			name = WorkoutTrackerTests;
			packageProductDependencies = (
			);
			productName = WorkoutTrackerTests;
			productReference = CFB89BA958473D4799209DE5 /* WorkoutTrackerTests.xctest */;
			productType = "com.apple.product-type.bundle.unit-test";
		};
/* End PBXNativeTarget section */

/* Begin PBXProject section */
		911E322F47B92A6FA8D976C0 /* Project object */ = {
			isa = PBXProject;
			attributes = {
				BuildIndependentTargetsInParallel = YES;
				LastUpgradeCheck = 2640;
				TargetAttributes = {
					10B489A407A3C317CC52A510 = {
						DevelopmentTeam = W9YS23J6FT;
					};
					2211EC194A62862556F64CBA = {
						DevelopmentTeam = W9YS23J6FT;
						ProvisioningStyle = Automatic;
					};
					6467659005103B3F100F0D23 = {
						DevelopmentTeam = W9YS23J6FT;
					};
					6A8555F0D3FB8289CC2AA8CA = {
						DevelopmentTeam = W9YS23J6FT;
						ProvisioningStyle = Automatic;
						TestTargetID = 6467659005103B3F100F0D23;
					};
					707D9FED1E17B39EF52E62EF = {
						DevelopmentTeam = W9YS23J6FT;
						ProvisioningStyle = Automatic;
					};
				};
			};
			buildConfigurationList = 03482D008CB47D3EED63543D /* Build configuration list for PBXProject "WorkoutTracker" */;
			developmentRegion = en;
			hasScannedForEncodings = 0;
			knownRegions = (
				Base,
				en,
			);
			mainGroup = AD6248B3D6F5FB51D1B71926;
			minimizedProjectReferenceProxies = 1;
			preferredProjectObjectVersion = 77;
			productRefGroup = C91759DD6A5BDB578F6ECD07 /* Products */;
			projectDirPath = "";
			projectRoot = "";
			targets = (
				6467659005103B3F100F0D23 /* WorkoutTracker */,
				2211EC194A62862556F64CBA /* WorkoutTrackerBenchmarks */,
				707D9FED1E17B39EF52E62EF /* WorkoutTrackerTests */,
				6A8555F0D3FB8289CC2AA8CA /* WorkoutTrackerUITests */,
				10B489A407A3C317CC52A510 /* WorkoutTrackerWidgets */,
			);
		};
/* End PBXProject section */

/* Begin PBXResourcesBuildPhase section */
		E54EDE7918B4F355385CF221 /* Resources */ = {
			isa = PBXResourcesBuildPhase;
			buildActionMask = 2147483647;
			files = (
				1BE15FFE1025A31AA900530F /* Assets.xcassets in Resources */,
				1F8A9C0D2E3B4A5C6D7E8F90 /* PresetPrograms.json in Resources */,
			);
			runOnlyForDeploymentPostprocessing = 0;
		};
/* End PBXResourcesBuildPhase section */

/* Begin PBXSourcesBuildPhase section */
		44F0B3784DFD7EBDA74B16B7 /* Sources */ = {
			isa = PBXSourcesBuildPhase;
			buildActionMask = 2147483647;
			files = (
				F756D6DB92D282026E3F5F02 /* AnalyticsBenchmarks.swift in Sources */,
				9AF142BAB4CC8EFB50DF1898 /* AppFlowBenchmarks.swift in Sources */,
				4B407D1E87FDE516B32B51F6 /* BenchmarkFixtures.swift in Sources */,
				36EB126A428E146E604ECF9D /* BenchmarkHarness.swift in Sources */,
				FBD8A7946647080422A9FCE3 /* BenchmarkSupport.swift in Sources */,
				516FE3B80694FD0F7CB920FD /* PersistenceBenchmarks.swift in Sources */,
			);
			runOnlyForDeploymentPostprocessing = 0;
		};
		461D42BC526B5CC44E17980B /* Sources */ = {
			isa = PBXSourcesBuildPhase;
			buildActionMask = 2147483647;
			files = (
				DD843EC5B2BDAD62B0A94F6A /* WorkoutTrackerUITests.swift in Sources */,
			);
			runOnlyForDeploymentPostprocessing = 0;
		};
		55A99B596C12F1F80214A092 /* Sources */ = {
			isa = PBXSourcesBuildPhase;
			buildActionMask = 2147483647;
			files = (
				71A82B93C4D55E6F708192A2 /* AgentSessionDebugLog.swift in Sources */,
				A8828D7A8B1D188313BE25B7 /* WorkoutRestLiveActivityAttributes.swift in Sources */,
				F5236A54CCF0ABCE1261E3B7 /* WorkoutRestLiveActivityWidget.swift in Sources */,
				CB42BFC61A84E86CFD82EF09 /* WorkoutTrackerWidgetsBundle.swift in Sources */,
			);
			runOnlyForDeploymentPostprocessing = 0;
		};
		E98FB6DCF05A192EB2634FA9 /* Sources */ = {
			isa = PBXSourcesBuildPhase;
			buildActionMask = 2147483647;
			files = (
				30E7100ABA3CBE52E878DEDE /* WeightLogicTests.swift in Sources */,
				ED7478F198DCDFCD0F107A4A /* WorkoutProgramEngineTests.swift in Sources */,
				1273B0A5144A366C58AB2964 /* WorkoutStoreTests+Analytics.swift in Sources */,
				FB6926C98B97739EACB896DA /* WorkoutStoreTests+Hydration.swift in Sources */,
				6FA6E27CB09C38A3784E222A /* WorkoutStoreTests+Persistence.swift in Sources */,
				0600A0AB128622517154F18E /* WorkoutStoreTests+Plans.swift in Sources */,
				CB00FF016707C1A7EC7751D8 /* WorkoutStoreTests+Progress.swift in Sources */,
				8B5229015E93B689CEA90E01 /* WorkoutStoreTests+SessionFlow.swift in Sources */,
				ABD873E424154FD3FB356B4B /* WorkoutStoreTests.swift in Sources */,
			);
			runOnlyForDeploymentPostprocessing = 0;
		};
		F26A043336E64F6B17388847 /* Sources */ = {
			isa = PBXSourcesBuildPhase;
			buildActionMask = 2147483647;
			files = (
				512AC9BB6235B75F0A287412 /* ActiveSessionContentView.swift in Sources */,
				C873F1BF28BC4543E6C2E3B9 /* ActiveSessionFooterView.swift in Sources */,
				8A3DDA1BBDF250378A8B71D9 /* ActiveSessionSupportViews.swift in Sources */,
				4CAA40F74A67F20665C4B088 /* ActiveSessionView.swift in Sources */,
				13F43772D61C439794F27472 /* AnalyticsRepository.swift in Sources */,
				A81D3F07D2C4CCBA717159A2 /* AnalyticsSelection.swift in Sources */,
				0EA4006E6B132B866E232271 /* AppChromeComponents.swift in Sources */,
				BF0BBA9C9281D8084E1AC31C /* AppDerivedStateController.swift in Sources */,
				59289E29F9B8154DF5A465B9 /* AppPlanCoordinator.swift in Sources */,
				F2A6D53AAC3585EA81132C3B /* AppSessionCoordinator.swift in Sources */,
				7B301CB8E677CBC77923FD1B /* AppStore.swift in Sources */,
				31AD611C1F7B65DECD117B08 /* AppTheme.swift in Sources */,
				B84CA29D9D3E425E6C51602D /* AppViewModifiers.swift in Sources */,
				052BA34F1420A117C5E4350E /* CatalogSeed.swift in Sources */,
				CF33A00244BECE00A7216B2A /* ExercisePickerSearchIndex.swift in Sources */,
				2717981338773415B35A7667 /* ExercisePickerSheet.swift in Sources */,
				E48AFC8E175055D44724AE90 /* FlowAccentCard.swift in Sources */,
				35523A8A5CB27AB79721D901 /* NumericInputField.swift in Sources */,
				49D54DCFA492441675AD8E0A /* OnboardingView.swift in Sources */,
				E9F43E40501A0B88860FED29 /* PerformanceSignpost.swift in Sources */,
				6C45083FC5076CE51DA5817C /* PersistenceHydrationLoader.swift in Sources */,
				033CD4D7B804459A83422990 /* PlanCardView.swift in Sources */,
				663C2A9BF8D85C5EEEF3ED67 /* PlanEditorSheet.swift in Sources */,
				9568187E2D944A9D28A33B07 /* PlanModels.swift in Sources */,
				5E98AB5694FE5890EBB2B89E /* PlanPersistenceController.swift in Sources */,
				ECDFBA16683815740183FB6E /* PlanRepository.swift in Sources */,
				9786C143A7A35A0A2D836FA3 /* PlansHeroCardView.swift in Sources */,
				B5556B66E58617C9630FF270 /* PlansStore.swift in Sources */,
				A5D6F1069F974D6166FA4E21 /* PlansView.swift in Sources */,
				564885E1649D8CD0D3560804 /* PresetPack.swift in Sources */,
				4BD85EE74FF16E7C39E0176D /* PresetPackBuilder.swift in Sources */,
				D1BEBE38A146BA1856E80102 /* ProgressCalendarGrid.swift in Sources */,
				9BB10AF0949889C5641D0EA8 /* ProgressCalendarSectionView.swift in Sources */,
				B98AD15F94C867048D43FE90 /* ProgressChartSectionView.swift in Sources */,
				65233BDD6EEC55BD6F49CD05 /* ProgressDashboardComponents.swift in Sources */,
				8E11893CA52BAD2C7D8212CE /* ProgressDashboardView.swift in Sources */,
				D53A766F1AE936687A92E60F /* ProgressHistorySectionView.swift in Sources */,
				02541F73734BAE5A2928D8F5 /* ProgressModels.swift in Sources */,
				B18072758F00CF50BC374CF2 /* ProgressOverviewSectionView.swift in Sources */,
				BFE42511CB7F6529C5BC3822 /* ProgressRecordsSectionView.swift in Sources */,
				550B0655619EF583A271AC2B /* ProgressStore.swift in Sources */,
				0EEB92B4A03BBB7D041ED21A /* RestTimerLiveActivityManager.swift in Sources */,
				71A82B93C4D55E6F708192A1 /* AgentSessionDebugLog.swift in Sources */,
				FB95140922C4E21C545D8942 /* RootAppView.swift in Sources */,
				89DD61978E9B320E81F42462 /* RootTabView.swift in Sources */,
				EE3D1D6184CA8BDEFEC01279 /* SectionSurfaceDivider.swift in Sources */,
				3A7BD9578552E124920A0683 /* SessionExerciseCardView.swift in Sources */,
				AEAFC18F967330F4AEE1157A /* SessionModels.swift in Sources */,
				C822746D5084BA11D902EDD6 /* SessionPersistenceController.swift in Sources */,
				164093495161E97FE72FF940 /* SessionRepository.swift in Sources */,
				41E49CB4326B20AB53E5F610 /* SessionSetRowView.swift in Sources */,
				6C7D8E9FA1B2C3D4E5F6070B /* SessionSetNoteDisplay.swift in Sources */,
				2ED4478AFB79F087B82FA36B /* SessionStartSupport.swift in Sources */,
				D3CCA51510E57EB23EC2CADF /* SessionStore.swift in Sources */,
				2B433F0FA045FD0C2BE06A54 /* SessionSummaryViews.swift in Sources */,
				BF5F32A6617EE8C71B6F5739 /* SettingsStore.swift in Sources */,
				010500F469D58D04C2D6DB23 /* String+NonEmptyTrimmed.swift in Sources */,
				2080B83B2568AB42FAC55FED /* TemplateDraftExerciseEditorView.swift in Sources */,
				6DA80061865BD25052A7C609 /* TemplateEditorExercisesSectionView.swift in Sources */,
				E22C762D8A47CC833A289526 /* TemplateEditorOverviewSectionView.swift in Sources */,
				151E142B9E4D45D37013658F /* TemplateEditorScheduleSectionView.swift in Sources */,
				CE0418563B1C1A17B2F78676 /* TemplateEditorSheet.swift in Sources */,
				D05F807131780E9BEC4B0D5A /* TemplateReferenceSelection.swift in Sources */,
				C356296ADEB576F0B9376B94 /* TodayComponents.swift in Sources */,
				D1E2D2A2FFE41F316C5FD697 /* TodayHeroCardView.swift in Sources */,
				96F6B4DFF002BFF2CEB5DB71 /* TodayPinnedTemplateCardView.swift in Sources */,
				F80E1F42B021B631454098C7 /* TodayQuickStartSectionView.swift in Sources */,
				33E53EECCDE10B41BF13B9F5 /* TodayRecentRecordsSectionView.swift in Sources */,
				941754F57E7C8BFFBF0C37C4 /* TodayRecentSessionsSectionView.swift in Sources */,
				06BB2BDEE78F9A9B6B3B0FB1 /* TodayResumeCardView.swift in Sources */,
				D562699C531A9DC92FE663D1 /* TodayStore.swift in Sources */,
				6F486A46A237655A3E17FAB2 /* TodayView.swift in Sources */,
				ED361EB3CB32FDF8F713F516 /* WeightSupport.swift in Sources */,
				301AB7F6E1E0A1D47B810E2D /* WorkoutDefaults.swift in Sources */,
				F2F29421C4D216E92E4CA1E4 /* WorkoutPersistence.swift in Sources */,
				BCD83BB6600E601B7F55B426 /* WorkoutPlanningModels.swift in Sources */,
				801404D0C8FD55513617E18D /* WorkoutProgramEngine.swift in Sources */,
				5D4844E2EE269EF5F1B7CC6A /* WorkoutRestLiveActivityAttributes.swift in Sources */,
				CA14028F151554B24F145635 /* WorkoutTrackerApp.swift in Sources */,
			);
			runOnlyForDeploymentPostprocessing = 0;
		};
/* End PBXSourcesBuildPhase section */

/* Begin PBXTargetDependency section */
		52FBA2C1CA81B2C3DA866874 /* PBXTargetDependency */ = {
			isa = PBXTargetDependency;
			target = 6467659005103B3F100F0D23 /* WorkoutTracker */;
			targetProxy = A91A008C7D2D36762FC82FED /* PBXContainerItemProxy */;
		};
		5E078775E2ED79863DC9FB89 /* PBXTargetDependency */ = {
			isa = PBXTargetDependency;
			target = 6467659005103B3F100F0D23 /* WorkoutTracker */;
			targetProxy = 321DAC34C285EC82241507C6 /* PBXContainerItemProxy */;
		};
		CCBBDE547F412EFA65355DD8 /* PBXTargetDependency */ = {
			isa = PBXTargetDependency;
			target = 6467659005103B3F100F0D23 /* WorkoutTracker */;
			targetProxy = CF3E642FAA11B6BA03823F74 /* PBXContainerItemProxy */;
		};
		F8316235454FAD602D1C156B /* PBXTargetDependency */ = {
			isa = PBXTargetDependency;
			target = 10B489A407A3C317CC52A510 /* WorkoutTrackerWidgets */;
			targetProxy = 7DE97423B46D8EC16C814C7C /* PBXContainerItemProxy */;
		};
/* End PBXTargetDependency section */

/* Begin XCBuildConfiguration section */
		0985F3CA67B51946169F4DD9 /* Debug */ = {
			isa = XCBuildConfiguration;
			buildSettings = {
				ASSETCATALOG_COMPILER_APPICON_NAME = AppIcon;
				ASSETCATALOG_COMPILER_GLOBAL_ACCENT_COLOR_NAME = AccentColor;
				CODE_SIGN_IDENTITY = "iPhone Developer";
				DEVELOPMENT_TEAM = W9YS23J6FT;
				GENERATE_INFOPLIST_FILE = NO;
				INFOPLIST_FILE = WorkoutTracker/Info.plist;
				IPHONEOS_DEPLOYMENT_TARGET = 26.2;
				LD_RUNPATH_SEARCH_PATHS = (
					"$(inherited)",
					"@executable_path/Frameworks",
				);
				PRODUCT_NAME = WorkoutTracker;
				SDKROOT = iphoneos;
				TARGETED_DEVICE_FAMILY = "1,2";
			};
			name = Debug;
		};
		3379DF5D3BE6900F3F02981D /* Release */ = {
			isa = XCBuildConfiguration;
			buildSettings = {
				BUNDLE_LOADER = "$(TEST_HOST)";
				CODE_SIGNING_ALLOWED = YES;
				CODE_SIGN_STYLE = Automatic;
				DEVELOPMENT_TEAM = W9YS23J6FT;
				GENERATE_INFOPLIST_FILE = YES;
				IPHONEOS_DEPLOYMENT_TARGET = 26.2;
				LD_RUNPATH_SEARCH_PATHS = (
					"$(inherited)",
					"@executable_path/Frameworks",
					"@loader_path/Frameworks",
				);
				PRODUCT_BUNDLE_IDENTIFIER = com.cam.workouttracker.tests;
				PRODUCT_NAME = WorkoutTrackerTests;
				SDKROOT = iphoneos;
				TARGETED_DEVICE_FAMILY = "1,2";
				TEST_HOST = "$(BUILT_PRODUCTS_DIR)/WorkoutTracker.app/WorkoutTracker";
			};
			name = Release;
		};
		4B3A0AE605F35545146A0C72 /* Release */ = {
			isa = XCBuildConfiguration;
			buildSettings = {
				APPLICATION_EXTENSION_API_ONLY = YES;
				DEVELOPMENT_TEAM = W9YS23J6FT;
				GENERATE_INFOPLIST_FILE = NO;
				INFOPLIST_FILE = WorkoutTrackerWidgets/Info.plist;
				IPHONEOS_DEPLOYMENT_TARGET = 26.2;
				LD_RUNPATH_SEARCH_PATHS = (
					"$(inherited)",
					"@executable_path/Frameworks",
					"@executable_path/../../Frameworks",
				);
				PRODUCT_BUNDLE_IDENTIFIER = com.cam.workouttracker.widgets;
				PRODUCT_NAME = WorkoutTrackerWidgets;
				SDKROOT = iphoneos;
				TARGETED_DEVICE_FAMILY = "1,2";
			};
			name = Release;
		};
		50E34CA32EA27635BDF0ED43 /* Debug */ = {
			isa = XCBuildConfiguration;
			buildSettings = {
				BUNDLE_LOADER = "$(TEST_HOST)";
				CODE_SIGNING_ALLOWED = YES;
				CODE_SIGN_STYLE = Automatic;
				DEVELOPMENT_TEAM = W9YS23J6FT;
				GENERATE_INFOPLIST_FILE = YES;
				IPHONEOS_DEPLOYMENT_TARGET = 26.2;
				LD_RUNPATH_SEARCH_PATHS = (
					"$(inherited)",
					"@executable_path/Frameworks",
					"@loader_path/Frameworks",
				);
				PRODUCT_BUNDLE_IDENTIFIER = com.cam.workouttracker.uitests;
				PRODUCT_NAME = WorkoutTrackerUITests;
				SDKROOT = iphoneos;
				TARGETED_DEVICE_FAMILY = "1,2";
				TEST_TARGET_NAME = WorkoutTracker;
			};
			name = Debug;
		};
		5EAC97474885FFAD7FC0B7D0 /* Release */ = {
			isa = XCBuildConfiguration;
			buildSettings = {
				BUNDLE_LOADER = "$(TEST_HOST)";
				CODE_SIGNING_ALLOWED = YES;
				CODE_SIGN_STYLE = Automatic;
				DEVELOPMENT_TEAM = W9YS23J6FT;
				GENERATE_INFOPLIST_FILE = YES;
				IPHONEOS_DEPLOYMENT_TARGET = 26.2;
				LD_RUNPATH_SEARCH_PATHS = (
					"$(inherited)",
					"@executable_path/Frameworks",
					"@loader_path/Frameworks",
				);
				PRODUCT_BUNDLE_IDENTIFIER = com.cam.workouttracker.benchmarks;
				PRODUCT_NAME = WorkoutTrackerBenchmarks;
				SDKROOT = iphoneos;
				TARGETED_DEVICE_FAMILY = "1,2";
				TEST_HOST = "$(BUILT_PRODUCTS_DIR)/WorkoutTracker.app/WorkoutTracker";
			};
			name = Release;
		};
		8EBE64E8BA6EAC5943905B78 /* Release */ = {
			isa = XCBuildConfiguration;
			buildSettings = {
				ALWAYS_SEARCH_USER_PATHS = NO;
				CLANG_ANALYZER_NONNULL = YES;
				CLANG_ANALYZER_NUMBER_OBJECT_CONVERSION = YES_AGGRESSIVE;
				CLANG_CXX_LANGUAGE_STANDARD = "gnu++14";
				CLANG_CXX_LIBRARY = "libc++";
				CLANG_ENABLE_MODULES = YES;
				CLANG_ENABLE_OBJC_ARC = YES;
				CLANG_ENABLE_OBJC_WEAK = YES;
				CLANG_WARN_BLOCK_CAPTURE_AUTORELEASING = YES;
				CLANG_WARN_BOOL_CONVERSION = YES;
				CLANG_WARN_COMMA = YES;
				CLANG_WARN_CONSTANT_CONVERSION = YES;
				CLANG_WARN_DEPRECATED_OBJC_IMPLEMENTATIONS = YES;
				CLANG_WARN_DIRECT_OBJC_ISA_USAGE = YES_ERROR;
				CLANG_WARN_DOCUMENTATION_COMMENTS = YES;
				CLANG_WARN_EMPTY_BODY = YES;
				CLANG_WARN_ENUM_CONVERSION = YES;
				CLANG_WARN_INFINITE_RECURSION = YES;
				CLANG_WARN_INT_CONVERSION = YES;
				CLANG_WARN_NON_LITERAL_NULL_CONVERSION = YES;
				CLANG_WARN_OBJC_IMPLICIT_RETAIN_SELF = YES;
				CLANG_WARN_OBJC_LITERAL_CONVERSION = YES;
				CLANG_WARN_OBJC_ROOT_CLASS = YES_ERROR;
				CLANG_WARN_QUOTED_INCLUDE_IN_FRAMEWORK_HEADER = YES;
				CLANG_WARN_RANGE_LOOP_ANALYSIS = YES;
				CLANG_WARN_STRICT_PROTOTYPES = YES;
				CLANG_WARN_SUSPICIOUS_MOVE = YES;
				CLANG_WARN_UNGUARDED_AVAILABILITY = YES_AGGRESSIVE;
				CLANG_WARN_UNREACHABLE_CODE = YES;
				CLANG_WARN__DUPLICATE_METHOD_MATCH = YES;
				COPY_PHASE_STRIP = NO;
				CURRENT_PROJECT_VERSION = 1;
				DEBUG_INFORMATION_FORMAT = "dwarf-with-dsym";
				ENABLE_NS_ASSERTIONS = NO;
				ENABLE_STRICT_OBJC_MSGSEND = YES;
				GCC_C_LANGUAGE_STANDARD = gnu11;
				GCC_NO_COMMON_BLOCKS = YES;
				GCC_WARN_64_TO_32_BIT_CONVERSION = YES;
				GCC_WARN_ABOUT_RETURN_TYPE = YES_ERROR;
				GCC_WARN_UNDECLARED_SELECTOR = YES;
				GCC_WARN_UNINITIALIZED_AUTOS = YES_AGGRESSIVE;
				GCC_WARN_UNUSED_FUNCTION = YES;
				GCC_WARN_UNUSED_VARIABLE = YES;
				IPHONEOS_DEPLOYMENT_TARGET = 26.2;
				MARKETING_VERSION = 1.0;
				MTL_ENABLE_DEBUG_INFO = NO;
				MTL_FAST_MATH = YES;
				PRODUCT_BUNDLE_IDENTIFIER = com.cam.workouttracker;
				PRODUCT_NAME = "$(TARGET_NAME)";
				SDKROOT = iphoneos;
				SWIFT_COMPILATION_MODE = wholemodule;
				SWIFT_OPTIMIZATION_LEVEL = "-O";
				SWIFT_VERSION = 6.2;
				TARGETED_DEVICE_FAMILY = 1;
			};
			name = Release;
		};
		AEE3406817DDC3CF727D4818 /* Release */ = {
			isa = XCBuildConfiguration;
			buildSettings = {
				ASSETCATALOG_COMPILER_APPICON_NAME = AppIcon;
				ASSETCATALOG_COMPILER_GLOBAL_ACCENT_COLOR_NAME = AccentColor;
				CODE_SIGN_IDENTITY = "iPhone Developer";
				DEVELOPMENT_TEAM = W9YS23J6FT;
				GENERATE_INFOPLIST_FILE = NO;
				INFOPLIST_FILE = WorkoutTracker/Info.plist;
				IPHONEOS_DEPLOYMENT_TARGET = 26.2;
				LD_RUNPATH_SEARCH_PATHS = (
					"$(inherited)",
					"@executable_path/Frameworks",
				);
				PRODUCT_NAME = WorkoutTracker;
				SDKROOT = iphoneos;
				TARGETED_DEVICE_FAMILY = "1,2";
			};
			name = Release;
		};
		AEF289355CFEBDDB7BC5BE90 /* Debug */ = {
			isa = XCBuildConfiguration;
			buildSettings = {
				BUNDLE_LOADER = "$(TEST_HOST)";
				CODE_SIGNING_ALLOWED = YES;
				CODE_SIGN_STYLE = Automatic;
				DEVELOPMENT_TEAM = W9YS23J6FT;
				GENERATE_INFOPLIST_FILE = YES;
				IPHONEOS_DEPLOYMENT_TARGET = 26.2;
				LD_RUNPATH_SEARCH_PATHS = (
					"$(inherited)",
					"@executable_path/Frameworks",
					"@loader_path/Frameworks",
				);
				PRODUCT_BUNDLE_IDENTIFIER = com.cam.workouttracker.benchmarks;
				PRODUCT_NAME = WorkoutTrackerBenchmarks;
				SDKROOT = iphoneos;
				TARGETED_DEVICE_FAMILY = "1,2";
				TEST_HOST = "$(BUILT_PRODUCTS_DIR)/WorkoutTracker.app/WorkoutTracker";
			};
			name = Debug;
		};
		BE08E80469AD6F14E590565E /* Debug */ = {
			isa = XCBuildConfiguration;
			buildSettings = {
				ALWAYS_SEARCH_USER_PATHS = NO;
				CLANG_ANALYZER_NONNULL = YES;
				CLANG_ANALYZER_NUMBER_OBJECT_CONVERSION = YES_AGGRESSIVE;
				CLANG_CXX_LANGUAGE_STANDARD = "gnu++14";
				CLANG_CXX_LIBRARY = "libc++";
				CLANG_ENABLE_MODULES = YES;
				CLANG_ENABLE_OBJC_ARC = YES;
				CLANG_ENABLE_OBJC_WEAK = YES;
				CLANG_WARN_BLOCK_CAPTURE_AUTORELEASING = YES;
				CLANG_WARN_BOOL_CONVERSION = YES;
				CLANG_WARN_COMMA = YES;
				CLANG_WARN_CONSTANT_CONVERSION = YES;
				CLANG_WARN_DEPRECATED_OBJC_IMPLEMENTATIONS = YES;
				CLANG_WARN_DIRECT_OBJC_ISA_USAGE = YES_ERROR;
				CLANG_WARN_DOCUMENTATION_COMMENTS = YES;
				CLANG_WARN_EMPTY_BODY = YES;
				CLANG_WARN_ENUM_CONVERSION = YES;
				CLANG_WARN_INFINITE_RECURSION = YES;
				CLANG_WARN_INT_CONVERSION = YES;
				CLANG_WARN_NON_LITERAL_NULL_CONVERSION = YES;
				CLANG_WARN_OBJC_IMPLICIT_RETAIN_SELF = YES;
				CLANG_WARN_OBJC_LITERAL_CONVERSION = YES;
				CLANG_WARN_OBJC_ROOT_CLASS = YES_ERROR;
				CLANG_WARN_QUOTED_INCLUDE_IN_FRAMEWORK_HEADER = YES;
				CLANG_WARN_RANGE_LOOP_ANALYSIS = YES;
				CLANG_WARN_STRICT_PROTOTYPES = YES;
				CLANG_WARN_SUSPICIOUS_MOVE = YES;
				CLANG_WARN_UNGUARDED_AVAILABILITY = YES_AGGRESSIVE;
				CLANG_WARN_UNREACHABLE_CODE = YES;
				CLANG_WARN__DUPLICATE_METHOD_MATCH = YES;
				COPY_PHASE_STRIP = NO;
				CURRENT_PROJECT_VERSION = 1;
				DEBUG_INFORMATION_FORMAT = dwarf;
				ENABLE_STRICT_OBJC_MSGSEND = YES;
				ENABLE_TESTABILITY = YES;
				GCC_C_LANGUAGE_STANDARD = gnu11;
				GCC_DYNAMIC_NO_PIC = NO;
				GCC_NO_COMMON_BLOCKS = YES;
				GCC_OPTIMIZATION_LEVEL = 0;
				GCC_PREPROCESSOR_DEFINITIONS = (
					"$(inherited)",
					"DEBUG=1",
				);
				GCC_WARN_64_TO_32_BIT_CONVERSION = YES;
				GCC_WARN_ABOUT_RETURN_TYPE = YES_ERROR;
				GCC_WARN_UNDECLARED_SELECTOR = YES;
				GCC_WARN_UNINITIALIZED_AUTOS = YES_AGGRESSIVE;
				GCC_WARN_UNUSED_FUNCTION = YES;
				GCC_WARN_UNUSED_VARIABLE = YES;
				IPHONEOS_DEPLOYMENT_TARGET = 26.2;
				MARKETING_VERSION = 1.0;
				MTL_ENABLE_DEBUG_INFO = INCLUDE_SOURCE;
				MTL_FAST_MATH = YES;
				ONLY_ACTIVE_ARCH = YES;
				PRODUCT_BUNDLE_IDENTIFIER = com.cam.workouttracker;
				PRODUCT_NAME = "$(TARGET_NAME)";
				SDKROOT = iphoneos;
				SWIFT_ACTIVE_COMPILATION_CONDITIONS = DEBUG;
				SWIFT_OPTIMIZATION_LEVEL = "-Onone";
				SWIFT_VERSION = 6.2;
				TARGETED_DEVICE_FAMILY = 1;
			};
			name = Debug;
		};
		DAF4C39D96E90DC7DC6A892C /* Release */ = {
			isa = XCBuildConfiguration;
			buildSettings = {
				BUNDLE_LOADER = "$(TEST_HOST)";
				CODE_SIGNING_ALLOWED = YES;
				CODE_SIGN_STYLE = Automatic;
				DEVELOPMENT_TEAM = W9YS23J6FT;
				GENERATE_INFOPLIST_FILE = YES;
				IPHONEOS_DEPLOYMENT_TARGET = 26.2;
				LD_RUNPATH_SEARCH_PATHS = (
					"$(inherited)",
					"@executable_path/Frameworks",
					"@loader_path/Frameworks",
				);
				PRODUCT_BUNDLE_IDENTIFIER = com.cam.workouttracker.uitests;
				PRODUCT_NAME = WorkoutTrackerUITests;
				SDKROOT = iphoneos;
				TARGETED_DEVICE_FAMILY = "1,2";
				TEST_TARGET_NAME = WorkoutTracker;
			};
			name = Release;
		};
		E006D33148CAFF543374E68E /* Debug */ = {
			isa = XCBuildConfiguration;
			buildSettings = {
				APPLICATION_EXTENSION_API_ONLY = YES;
				DEVELOPMENT_TEAM = W9YS23J6FT;
				GENERATE_INFOPLIST_FILE = NO;
				INFOPLIST_FILE = WorkoutTrackerWidgets/Info.plist;
				IPHONEOS_DEPLOYMENT_TARGET = 26.2;
				LD_RUNPATH_SEARCH_PATHS = (
					"$(inherited)",
					"@executable_path/Frameworks",
					"@executable_path/../../Frameworks",
				);
				PRODUCT_BUNDLE_IDENTIFIER = com.cam.workouttracker.widgets;
				PRODUCT_NAME = WorkoutTrackerWidgets;
				SDKROOT = iphoneos;
				TARGETED_DEVICE_FAMILY = "1,2";
			};
			name = Debug;
		};
		F8439DD4E529FE950766AE7E /* Debug */ = {
			isa = XCBuildConfiguration;
			buildSettings = {
				BUNDLE_LOADER = "$(TEST_HOST)";
				CODE_SIGNING_ALLOWED = YES;
				CODE_SIGN_STYLE = Automatic;
				DEVELOPMENT_TEAM = W9YS23J6FT;
				GENERATE_INFOPLIST_FILE = YES;
				IPHONEOS_DEPLOYMENT_TARGET = 26.2;
				LD_RUNPATH_SEARCH_PATHS = (
					"$(inherited)",
					"@executable_path/Frameworks",
					"@loader_path/Frameworks",
				);
				PRODUCT_BUNDLE_IDENTIFIER = com.cam.workouttracker.tests;
				PRODUCT_NAME = WorkoutTrackerTests;
				SDKROOT = iphoneos;
				TARGETED_DEVICE_FAMILY = "1,2";
				TEST_HOST = "$(BUILT_PRODUCTS_DIR)/WorkoutTracker.app/WorkoutTracker";
			};
			name = Debug;
		};
/* End XCBuildConfiguration section */

/* Begin XCConfigurationList section */
		03482D008CB47D3EED63543D /* Build configuration list for PBXProject "WorkoutTracker" */ = {
			isa = XCConfigurationList;
			buildConfigurations = (
				BE08E80469AD6F14E590565E /* Debug */,
				8EBE64E8BA6EAC5943905B78 /* Release */,
			);
			defaultConfigurationIsVisible = 0;
			defaultConfigurationName = Debug;
		};
		112811EE4A198E2F64C6E268 /* Build configuration list for PBXNativeTarget "WorkoutTrackerTests" */ = {
			isa = XCConfigurationList;
			buildConfigurations = (
				F8439DD4E529FE950766AE7E /* Debug */,
				3379DF5D3BE6900F3F02981D /* Release */,
			);
			defaultConfigurationIsVisible = 0;
			defaultConfigurationName = Debug;
		};
		33C2EBFDCCA50B3A8616FA0B /* Build configuration list for PBXNativeTarget "WorkoutTrackerWidgets" */ = {
			isa = XCConfigurationList;
			buildConfigurations = (
				E006D33148CAFF543374E68E /* Debug */,
				4B3A0AE605F35545146A0C72 /* Release */,
			);
			defaultConfigurationIsVisible = 0;
			defaultConfigurationName = Debug;
		};
		599266019470AD64AFF1B754 /* Build configuration list for PBXNativeTarget "WorkoutTrackerBenchmarks" */ = {
			isa = XCConfigurationList;
			buildConfigurations = (
				AEF289355CFEBDDB7BC5BE90 /* Debug */,
				5EAC97474885FFAD7FC0B7D0 /* Release */,
			);
			defaultConfigurationIsVisible = 0;
			defaultConfigurationName = Debug;
		};
		5A9C28BF88DEAB640165D446 /* Build configuration list for PBXNativeTarget "WorkoutTracker" */ = {
			isa = XCConfigurationList;
			buildConfigurations = (
				0985F3CA67B51946169F4DD9 /* Debug */,
				AEE3406817DDC3CF727D4818 /* Release */,
			);
			defaultConfigurationIsVisible = 0;
			defaultConfigurationName = Debug;
		};
		C6D840A6D8FCD1F4BEED0261 /* Build configuration list for PBXNativeTarget "WorkoutTrackerUITests" */ = {
			isa = XCConfigurationList;
			buildConfigurations = (
				50E34CA32EA27635BDF0ED43 /* Debug */,
				DAF4C39D96E90DC7DC6A892C /* Release */,
			);
			defaultConfigurationIsVisible = 0;
			defaultConfigurationName = Debug;
		};
/* End XCConfigurationList section */
	};
	rootObject = 911E322F47B92A6FA8D976C0 /* Project object */;
}
